// !$*UTF8*$!
{
	archiveVersion = 1;
	classes = {
	};
	objectVersion = 56;
	objects = {

/* Begin PBXBuildFile section */
		214221292AA4E6C600774751 /* VideoCollectionViewCell.swift in Sources */ = {isa = PBXBuildFile; fileRef = 214221282AA4E6C600774751 /* VideoCollectionViewCell.swift */; };
		21A4BB682A9DCDFC00C45B3E /* ReusableViewProtocol+Extension.swift in Sources */ = {isa = PBXBuildFile; fileRef = 21A4BB672A9DCDFC00C45B3E /* ReusableViewProtocol+Extension.swift */; };
		21A4BB6C2A9DDC4000C45B3E /* CastTableViewCell.swift in Sources */ = {isa = PBXBuildFile; fileRef = 21A4BB6B2A9DDC3F00C45B3E /* CastTableViewCell.swift */; };
		21A4BB6F2A9DDE8C00C45B3E /* SimilarMediaCollectionViewCell.swift in Sources */ = {isa = PBXBuildFile; fileRef = 21A4BB6E2A9DDE8C00C45B3E /* SimilarMediaCollectionViewCell.swift */; };
		21A4BB722A9DE07300C45B3E /* OverviewTableViewCell.swift in Sources */ = {isa = PBXBuildFile; fileRef = 21A4BB712A9DE07300C45B3E /* OverviewTableViewCell.swift */; };
		21A4BB742A9DE4CF00C45B3E /* ProfileViewController.swift in Sources */ = {isa = PBXBuildFile; fileRef = 21A4BB732A9DE4CF00C45B3E /* ProfileViewController.swift */; };
		21A4BB772A9DE4E100C45B3E /* ProfileView.swift in Sources */ = {isa = PBXBuildFile; fileRef = 21A4BB762A9DE4E100C45B3E /* ProfileView.swift */; };
		21A4BB792A9DE64500C45B3E /* ChevronButton.swift in Sources */ = {isa = PBXBuildFile; fileRef = 21A4BB782A9DE64500C45B3E /* ChevronButton.swift */; };
		21A4BB7B2A9DE78500C45B3E /* NameViewController.swift in Sources */ = {isa = PBXBuildFile; fileRef = 21A4BB7A2A9DE78500C45B3E /* NameViewController.swift */; };
		21A4BB7D2A9DE78C00C45B3E /* AgeViewController.swift in Sources */ = {isa = PBXBuildFile; fileRef = 21A4BB7C2A9DE78C00C45B3E /* AgeViewController.swift */; };
		21A4BB7F2A9DE79500C45B3E /* EmailViewController.swift in Sources */ = {isa = PBXBuildFile; fileRef = 21A4BB7E2A9DE79500C45B3E /* EmailViewController.swift */; };
		21A4BB822A9DE8AF00C45B3E /* Profile.swift in Sources */ = {isa = PBXBuildFile; fileRef = 21A4BB812A9DE8AF00C45B3E /* Profile.swift */; };
		21A4BB852A9DF00200C45B3E /* NSNotification.Name+Extension.swift in Sources */ = {isa = PBXBuildFile; fileRef = 21A4BB842A9DF00200C45B3E /* NSNotification.Name+Extension.swift */; };
		21A4BB872A9E305600C45B3E /* NotUsingGenericEachNetworking.swift in Sources */ = {isa = PBXBuildFile; fileRef = 21A4BB862A9E305600C45B3E /* NotUsingGenericEachNetworking.swift */; };
		21A4BB892A9E3B2D00C45B3E /* DarkTextLabelWhiteText.swift in Sources */ = {isa = PBXBuildFile; fileRef = 21A4BB882A9E3B2D00C45B3E /* DarkTextLabelWhiteText.swift */; };
		21F62DD32A9C980900DD2CC9 /* AppDelegate.swift in Sources */ = {isa = PBXBuildFile; fileRef = 21F62DD22A9C980900DD2CC9 /* AppDelegate.swift */; };
		21F62DD52A9C980900DD2CC9 /* SceneDelegate.swift in Sources */ = {isa = PBXBuildFile; fileRef = 21F62DD42A9C980900DD2CC9 /* SceneDelegate.swift */; };
		21F62DD72A9C980900DD2CC9 /* TrendViewController.swift in Sources */ = {isa = PBXBuildFile; fileRef = 21F62DD62A9C980900DD2CC9 /* TrendViewController.swift */; };
		21F62DDC2A9C980A00DD2CC9 /* Assets.xcassets in Resources */ = {isa = PBXBuildFile; fileRef = 21F62DDB2A9C980A00DD2CC9 /* Assets.xcassets */; };
		21F62DDF2A9C980A00DD2CC9 /* LaunchScreen.storyboard in Resources */ = {isa = PBXBuildFile; fileRef = 21F62DDD2A9C980A00DD2CC9 /* LaunchScreen.storyboard */; };
		21F62DE82A9C986600DD2CC9 /* SnapKit in Frameworks */ = {isa = PBXBuildFile; productRef = 21F62DE72A9C986600DD2CC9 /* SnapKit */; };
		21F62DEB2A9C987000DD2CC9 /* Alamofire in Frameworks */ = {isa = PBXBuildFile; productRef = 21F62DEA2A9C987000DD2CC9 /* Alamofire */; };
		21F62DF02A9C98A700DD2CC9 /* DataManager.swift in Sources */ = {isa = PBXBuildFile; fileRef = 21F62DEF2A9C98A700DD2CC9 /* DataManager.swift */; };
		21F62DF22A9C98DA00DD2CC9 /* NetworkManager.swift in Sources */ = {isa = PBXBuildFile; fileRef = 21F62DF12A9C98DA00DD2CC9 /* NetworkManager.swift */; };
		21F62DF52A9C996500DD2CC9 /* .gitignore in Resources */ = {isa = PBXBuildFile; fileRef = 21F62DF42A9C996500DD2CC9 /* .gitignore */; };
		21F62DF72A9C997400DD2CC9 /* APIKey.swift in Sources */ = {isa = PBXBuildFile; fileRef = 21F62DF62A9C997400DD2CC9 /* APIKey.swift */; };
		21F62DF92A9CA89D00DD2CC9 /* Protocol.swift in Sources */ = {isa = PBXBuildFile; fileRef = 21F62DF82A9CA89D00DD2CC9 /* Protocol.swift */; };
		21F62DFB2A9CA8BE00DD2CC9 /* URL+Extension.swift in Sources */ = {isa = PBXBuildFile; fileRef = 21F62DFA2A9CA8BE00DD2CC9 /* URL+Extension.swift */; };
		21F62DFD2A9CA9EC00DD2CC9 /* CastViewController.swift in Sources */ = {isa = PBXBuildFile; fileRef = 21F62DFC2A9CA9EC00DD2CC9 /* CastViewController.swift */; };
		21F62DFF2A9CAA0700DD2CC9 /* TrendStruct.swift in Sources */ = {isa = PBXBuildFile; fileRef = 21F62DFE2A9CAA0700DD2CC9 /* TrendStruct.swift */; };
		21F62E012A9CAA0F00DD2CC9 /* CastStruct.swift in Sources */ = {isa = PBXBuildFile; fileRef = 21F62E002A9CAA0F00DD2CC9 /* CastStruct.swift */; };
		21F62E032A9CAA3900DD2CC9 /* Enum.swift in Sources */ = {isa = PBXBuildFile; fileRef = 21F62E022A9CAA3900DD2CC9 /* Enum.swift */; };
		21F62E052A9CAA8100DD2CC9 /* ImageUrl.swift in Sources */ = {isa = PBXBuildFile; fileRef = 21F62E042A9CAA8100DD2CC9 /* ImageUrl.swift */; };
		21F62E082A9CAAB700DD2CC9 /* DataUrl.swift in Sources */ = {isa = PBXBuildFile; fileRef = 21F62E072A9CAAB700DD2CC9 /* DataUrl.swift */; };
		21F62E0C2A9CB0C600DD2CC9 /* TVDetail.swift in Sources */ = {isa = PBXBuildFile; fileRef = 21F62E0B2A9CB0C600DD2CC9 /* TVDetail.swift */; };
		21F62E0E2A9CB0FE00DD2CC9 /* SeasonDetail.swift in Sources */ = {isa = PBXBuildFile; fileRef = 21F62E0D2A9CB0FE00DD2CC9 /* SeasonDetail.swift */; };
		21F62E102A9CBA2100DD2CC9 /* SimilarList.swift in Sources */ = {isa = PBXBuildFile; fileRef = 21F62E0F2A9CBA2100DD2CC9 /* SimilarList.swift */; };
		21F62E122A9CBA4700DD2CC9 /* VideoList.swift in Sources */ = {isa = PBXBuildFile; fileRef = 21F62E112A9CBA4700DD2CC9 /* VideoList.swift */; };
		21F62E142A9CC36400DD2CC9 /* OnBoardingViewController.swift in Sources */ = {isa = PBXBuildFile; fileRef = 21F62E132A9CC36400DD2CC9 /* OnBoardingViewController.swift */; };
		21F62E172A9CC38400DD2CC9 /* FirstViewController.swift in Sources */ = {isa = PBXBuildFile; fileRef = 21F62E162A9CC38400DD2CC9 /* FirstViewController.swift */; };
		21F62E192A9CC38A00DD2CC9 /* SecondViewController.swift in Sources */ = {isa = PBXBuildFile; fileRef = 21F62E182A9CC38A00DD2CC9 /* SecondViewController.swift */; };
		21F62E1B2A9CC38F00DD2CC9 /* ThirdViewController.swift in Sources */ = {isa = PBXBuildFile; fileRef = 21F62E1A2A9CC38F00DD2CC9 /* ThirdViewController.swift */; };
		21F62E1D2A9CC3E000DD2CC9 /* TrendView.swift in Sources */ = {isa = PBXBuildFile; fileRef = 21F62E1C2A9CC3E000DD2CC9 /* TrendView.swift */; };
		21F62E202A9CC42000DD2CC9 /* CastView.swift in Sources */ = {isa = PBXBuildFile; fileRef = 21F62E1F2A9CC42000DD2CC9 /* CastView.swift */; };
		21F62E232A9CC49A00DD2CC9 /* BaseView.swift in Sources */ = {isa = PBXBuildFile; fileRef = 21F62E222A9CC49A00DD2CC9 /* BaseView.swift */; };
		21F62E252A9CC4A500DD2CC9 /* BaseViewController.swift in Sources */ = {isa = PBXBuildFile; fileRef = 21F62E242A9CC4A500DD2CC9 /* BaseViewController.swift */; };
		21F62E282A9CE90200DD2CC9 /* TrendCollectionViewCell.swift in Sources */ = {isa = PBXBuildFile; fileRef = 21F62E272A9CE90200DD2CC9 /* TrendCollectionViewCell.swift */; };
		21F62E2A2A9CE91F00DD2CC9 /* BaseCollectionViewCell.swift in Sources */ = {isa = PBXBuildFile; fileRef = 21F62E292A9CE91F00DD2CC9 /* BaseCollectionViewCell.swift */; };
		21F62E2C2A9CE92700DD2CC9 /* BaseTableViewCell.swift in Sources */ = {isa = PBXBuildFile; fileRef = 21F62E2B2A9CE92700DD2CC9 /* BaseTableViewCell.swift */; };
		21F62E2E2A9CEBAF00DD2CC9 /* SegmentControlViewController.swift in Sources */ = {isa = PBXBuildFile; fileRef = 21F62E2D2A9CEBAF00DD2CC9 /* SegmentControlViewController.swift */; };
		21F62E312A9CEBCD00DD2CC9 /* SegmentView.swift in Sources */ = {isa = PBXBuildFile; fileRef = 21F62E302A9CEBCD00DD2CC9 /* SegmentView.swift */; };
/* End PBXBuildFile section */

/* Begin PBXFileReference section */
		214221282AA4E6C600774751 /* VideoCollectionViewCell.swift */ = {isa = PBXFileReference; lastKnownFileType = sourcecode.swift; path = VideoCollectionViewCell.swift; sourceTree = "<group>"; };
		21A4BB672A9DCDFC00C45B3E /* ReusableViewProtocol+Extension.swift */ = {isa = PBXFileReference; lastKnownFileType = sourcecode.swift; path = "ReusableViewProtocol+Extension.swift"; sourceTree = "<group>"; };
		21A4BB6B2A9DDC3F00C45B3E /* CastTableViewCell.swift */ = {isa = PBXFileReference; lastKnownFileType = sourcecode.swift; path = CastTableViewCell.swift; sourceTree = "<group>"; };
		21A4BB6E2A9DDE8C00C45B3E /* SimilarMediaCollectionViewCell.swift */ = {isa = PBXFileReference; lastKnownFileType = sourcecode.swift; path = SimilarMediaCollectionViewCell.swift; sourceTree = "<group>"; };
		21A4BB712A9DE07300C45B3E /* OverviewTableViewCell.swift */ = {isa = PBXFileReference; lastKnownFileType = sourcecode.swift; path = OverviewTableViewCell.swift; sourceTree = "<group>"; };
		21A4BB732A9DE4CF00C45B3E /* ProfileViewController.swift */ = {isa = PBXFileReference; lastKnownFileType = sourcecode.swift; path = ProfileViewController.swift; sourceTree = "<group>"; };
		21A4BB762A9DE4E100C45B3E /* ProfileView.swift */ = {isa = PBXFileReference; lastKnownFileType = sourcecode.swift; path = ProfileView.swift; sourceTree = "<group>"; };
		21A4BB782A9DE64500C45B3E /* ChevronButton.swift */ = {isa = PBXFileReference; lastKnownFileType = sourcecode.swift; path = ChevronButton.swift; sourceTree = "<group>"; };
		21A4BB7A2A9DE78500C45B3E /* NameViewController.swift */ = {isa = PBXFileReference; lastKnownFileType = sourcecode.swift; path = NameViewController.swift; sourceTree = "<group>"; };
		21A4BB7C2A9DE78C00C45B3E /* AgeViewController.swift */ = {isa = PBXFileReference; lastKnownFileType = sourcecode.swift; path = AgeViewController.swift; sourceTree = "<group>"; };
		21A4BB7E2A9DE79500C45B3E /* EmailViewController.swift */ = {isa = PBXFileReference; lastKnownFileType = sourcecode.swift; path = EmailViewController.swift; sourceTree = "<group>"; };
		21A4BB812A9DE8AF00C45B3E /* Profile.swift */ = {isa = PBXFileReference; lastKnownFileType = sourcecode.swift; path = Profile.swift; sourceTree = "<group>"; };
		21A4BB842A9DF00200C45B3E /* NSNotification.Name+Extension.swift */ = {isa = PBXFileReference; lastKnownFileType = sourcecode.swift; path = "NSNotification.Name+Extension.swift"; sourceTree = "<group>"; };
		21A4BB862A9E305600C45B3E /* NotUsingGenericEachNetworking.swift */ = {isa = PBXFileReference; lastKnownFileType = sourcecode.swift; path = NotUsingGenericEachNetworking.swift; sourceTree = "<group>"; };
		21A4BB882A9E3B2D00C45B3E /* DarkTextLabelWhiteText.swift */ = {isa = PBXFileReference; lastKnownFileType = sourcecode.swift; path = DarkTextLabelWhiteText.swift; sourceTree = "<group>"; };
		21F62DCF2A9C980900DD2CC9 /* TMDBCodeBaseNetworkSingleton.app */ = {isa = PBXFileReference; explicitFileType = wrapper.application; includeInIndex = 0; path = TMDBCodeBaseNetworkSingleton.app; sourceTree = BUILT_PRODUCTS_DIR; };
		21F62DD22A9C980900DD2CC9 /* AppDelegate.swift */ = {isa = PBXFileReference; lastKnownFileType = sourcecode.swift; path = AppDelegate.swift; sourceTree = "<group>"; };
		21F62DD42A9C980900DD2CC9 /* SceneDelegate.swift */ = {isa = PBXFileReference; lastKnownFileType = sourcecode.swift; path = SceneDelegate.swift; sourceTree = "<group>"; };
		21F62DD62A9C980900DD2CC9 /* TrendViewController.swift */ = {isa = PBXFileReference; lastKnownFileType = sourcecode.swift; path = TrendViewController.swift; sourceTree = "<group>"; };
		21F62DDB2A9C980A00DD2CC9 /* Assets.xcassets */ = {isa = PBXFileReference; lastKnownFileType = folder.assetcatalog; path = Assets.xcassets; sourceTree = "<group>"; };
		21F62DDE2A9C980A00DD2CC9 /* Base */ = {isa = PBXFileReference; lastKnownFileType = file.storyboard; name = Base; path = Base.lproj/LaunchScreen.storyboard; sourceTree = "<group>"; };
		21F62DE02A9C980A00DD2CC9 /* Info.plist */ = {isa = PBXFileReference; lastKnownFileType = text.plist.xml; path = Info.plist; sourceTree = "<group>"; };
		21F62DEF2A9C98A700DD2CC9 /* DataManager.swift */ = {isa = PBXFileReference; lastKnownFileType = sourcecode.swift; path = DataManager.swift; sourceTree = "<group>"; };
		21F62DF12A9C98DA00DD2CC9 /* NetworkManager.swift */ = {isa = PBXFileReference; lastKnownFileType = sourcecode.swift; path = NetworkManager.swift; sourceTree = "<group>"; };
		21F62DF42A9C996500DD2CC9 /* .gitignore */ = {isa = PBXFileReference; lastKnownFileType = text; path = .gitignore; sourceTree = "<group>"; };
		21F62DF62A9C997400DD2CC9 /* APIKey.swift */ = {isa = PBXFileReference; lastKnownFileType = sourcecode.swift; path = APIKey.swift; sourceTree = "<group>"; };
		21F62DF82A9CA89D00DD2CC9 /* Protocol.swift */ = {isa = PBXFileReference; lastKnownFileType = sourcecode.swift; path = Protocol.swift; sourceTree = "<group>"; };
		21F62DFA2A9CA8BE00DD2CC9 /* URL+Extension.swift */ = {isa = PBXFileReference; lastKnownFileType = sourcecode.swift; path = "URL+Extension.swift"; sourceTree = "<group>"; };
		21F62DFC2A9CA9EC00DD2CC9 /* CastViewController.swift */ = {isa = PBXFileReference; lastKnownFileType = sourcecode.swift; path = CastViewController.swift; sourceTree = "<group>"; };
		21F62DFE2A9CAA0700DD2CC9 /* TrendStruct.swift */ = {isa = PBXFileReference; lastKnownFileType = sourcecode.swift; path = TrendStruct.swift; sourceTree = "<group>"; };
		21F62E002A9CAA0F00DD2CC9 /* CastStruct.swift */ = {isa = PBXFileReference; lastKnownFileType = sourcecode.swift; path = CastStruct.swift; sourceTree = "<group>"; };
		21F62E022A9CAA3900DD2CC9 /* Enum.swift */ = {isa = PBXFileReference; lastKnownFileType = sourcecode.swift; path = Enum.swift; sourceTree = "<group>"; };
		21F62E042A9CAA8100DD2CC9 /* ImageUrl.swift */ = {isa = PBXFileReference; lastKnownFileType = sourcecode.swift; path = ImageUrl.swift; sourceTree = "<group>"; };
		21F62E072A9CAAB700DD2CC9 /* DataUrl.swift */ = {isa = PBXFileReference; lastKnownFileType = sourcecode.swift; path = DataUrl.swift; sourceTree = "<group>"; };
		21F62E0B2A9CB0C600DD2CC9 /* TVDetail.swift */ = {isa = PBXFileReference; lastKnownFileType = sourcecode.swift; path = TVDetail.swift; sourceTree = "<group>"; };
		21F62E0D2A9CB0FE00DD2CC9 /* SeasonDetail.swift */ = {isa = PBXFileReference; lastKnownFileType = sourcecode.swift; path = SeasonDetail.swift; sourceTree = "<group>"; };
		21F62E0F2A9CBA2100DD2CC9 /* SimilarList.swift */ = {isa = PBXFileReference; lastKnownFileType = sourcecode.swift; path = SimilarList.swift; sourceTree = "<group>"; };
		21F62E112A9CBA4700DD2CC9 /* VideoList.swift */ = {isa = PBXFileReference; lastKnownFileType = sourcecode.swift; path = VideoList.swift; sourceTree = "<group>"; };
		21F62E132A9CC36400DD2CC9 /* OnBoardingViewController.swift */ = {isa = PBXFileReference; lastKnownFileType = sourcecode.swift; path = OnBoardingViewController.swift; sourceTree = "<group>"; };
		21F62E162A9CC38400DD2CC9 /* FirstViewController.swift */ = {isa = PBXFileReference; lastKnownFileType = sourcecode.swift; path = FirstViewController.swift; sourceTree = "<group>"; };
		21F62E182A9CC38A00DD2CC9 /* SecondViewController.swift */ = {isa = PBXFileReference; lastKnownFileType = sourcecode.swift; path = SecondViewController.swift; sourceTree = "<group>"; };
		21F62E1A2A9CC38F00DD2CC9 /* ThirdViewController.swift */ = {isa = PBXFileReference; lastKnownFileType = sourcecode.swift; path = ThirdViewController.swift; sourceTree = "<group>"; };
		21F62E1C2A9CC3E000DD2CC9 /* TrendView.swift */ = {isa = PBXFileReference; lastKnownFileType = sourcecode.swift; path = TrendView.swift; sourceTree = "<group>"; };
		21F62E1F2A9CC42000DD2CC9 /* CastView.swift */ = {isa = PBXFileReference; lastKnownFileType = sourcecode.swift; path = CastView.swift; sourceTree = "<group>"; };
		21F62E222A9CC49A00DD2CC9 /* BaseView.swift */ = {isa = PBXFileReference; lastKnownFileType = sourcecode.swift; path = BaseView.swift; sourceTree = "<group>"; };
		21F62E242A9CC4A500DD2CC9 /* BaseViewController.swift */ = {isa = PBXFileReference; lastKnownFileType = sourcecode.swift; path = BaseViewController.swift; sourceTree = "<group>"; };
		21F62E272A9CE90200DD2CC9 /* TrendCollectionViewCell.swift */ = {isa = PBXFileReference; lastKnownFileType = sourcecode.swift; path = TrendCollectionViewCell.swift; sourceTree = "<group>"; };
		21F62E292A9CE91F00DD2CC9 /* BaseCollectionViewCell.swift */ = {isa = PBXFileReference; lastKnownFileType = sourcecode.swift; path = BaseCollectionViewCell.swift; sourceTree = "<group>"; };
		21F62E2B2A9CE92700DD2CC9 /* BaseTableViewCell.swift */ = {isa = PBXFileReference; lastKnownFileType = sourcecode.swift; path = BaseTableViewCell.swift; sourceTree = "<group>"; };
		21F62E2D2A9CEBAF00DD2CC9 /* SegmentControlViewController.swift */ = {isa = PBXFileReference; lastKnownFileType = sourcecode.swift; path = SegmentControlViewController.swift; sourceTree = "<group>"; };
		21F62E302A9CEBCD00DD2CC9 /* SegmentView.swift */ = {isa = PBXFileReference; lastKnownFileType = sourcecode.swift; path = SegmentView.swift; sourceTree = "<group>"; };
/* End PBXFileReference section */

/* Begin PBXFrameworksBuildPhase section */
		21F62DCC2A9C980900DD2CC9 /* Frameworks */ = {
			isa = PBXFrameworksBuildPhase;
			buildActionMask = 2147483647;
			files = (
				21F62DE82A9C986600DD2CC9 /* SnapKit in Frameworks */,
				21F62DEB2A9C987000DD2CC9 /* Alamofire in Frameworks */,
			);
			runOnlyForDeploymentPostprocessing = 0;
		};
/* End PBXFrameworksBuildPhase section */

/* Begin PBXGroup section */
		21A4BB662A9DCDE600C45B3E /* Extension */ = {
			isa = PBXGroup;
			children = (
				21F62DFA2A9CA8BE00DD2CC9 /* URL+Extension.swift */,
				21A4BB672A9DCDFC00C45B3E /* ReusableViewProtocol+Extension.swift */,
				21A4BB842A9DF00200C45B3E /* NSNotification.Name+Extension.swift */,
			);
			path = Extension;
			sourceTree = "<group>";
		};
		21A4BB692A9DCF8500C45B3E /* Setup */ = {
			isa = PBXGroup;
			children = (
				21F62DF82A9CA89D00DD2CC9 /* Protocol.swift */,
				21F62E022A9CAA3900DD2CC9 /* Enum.swift */,
				21A4BB662A9DCDE600C45B3E /* Extension */,
				21F62E062A9CAA8500DD2CC9 /* URL */,
			);
			path = Setup;
			sourceTree = "<group>";
		};
		21A4BB6A2A9DDAD400C45B3E /* Scenes */ = {
			isa = PBXGroup;
			children = (
				21F62E272A9CE90200DD2CC9 /* TrendCollectionViewCell.swift */,
				21F62E1C2A9CC3E000DD2CC9 /* TrendView.swift */,
			);
			path = Scenes;
			sourceTree = "<group>";
		};
		21A4BB6D2A9DDC5100C45B3E /* Scenes */ = {
			isa = PBXGroup;
			children = (
				21A4BB6B2A9DDC3F00C45B3E /* CastTableViewCell.swift */,
				21A4BB712A9DE07300C45B3E /* OverviewTableViewCell.swift */,
				21F62E1F2A9CC42000DD2CC9 /* CastView.swift */,
			);
			path = Scenes;
			sourceTree = "<group>";
		};
		21A4BB702A9DDECC00C45B3E /* Scenes */ = {
			isa = PBXGroup;
			children = (
				21A4BB6E2A9DDE8C00C45B3E /* SimilarMediaCollectionViewCell.swift */,
				214221282AA4E6C600774751 /* VideoCollectionViewCell.swift */,
				21F62E302A9CEBCD00DD2CC9 /* SegmentView.swift */,
			);
			path = Scenes;
			sourceTree = "<group>";
		};
		21A4BB752A9DE4D300C45B3E /* Profile */ = {
			isa = PBXGroup;
			children = (
				21A4BB8B2A9E3C1700C45B3E /* Scenes */,
				21A4BB732A9DE4CF00C45B3E /* ProfileViewController.swift */,
				21A4BB802A9DE79E00C45B3E /* ProfileMenu */,
			);
			path = Profile;
			sourceTree = "<group>";
		};
		21A4BB802A9DE79E00C45B3E /* ProfileMenu */ = {
			isa = PBXGroup;
			children = (
				21A4BB7A2A9DE78500C45B3E /* NameViewController.swift */,
				21A4BB7C2A9DE78C00C45B3E /* AgeViewController.swift */,
				21A4BB7E2A9DE79500C45B3E /* EmailViewController.swift */,
			);
			path = ProfileMenu;
			sourceTree = "<group>";
		};
		21A4BB832A9DEA0800C45B3E /* API */ = {
			isa = PBXGroup;
			children = (
				21F62DFE2A9CAA0700DD2CC9 /* TrendStruct.swift */,
				21F62E002A9CAA0F00DD2CC9 /* CastStruct.swift */,
				21F62E0B2A9CB0C600DD2CC9 /* TVDetail.swift */,
				21F62E0D2A9CB0FE00DD2CC9 /* SeasonDetail.swift */,
				21F62E0F2A9CBA2100DD2CC9 /* SimilarList.swift */,
				21F62E112A9CBA4700DD2CC9 /* VideoList.swift */,
			);
			path = API;
			sourceTree = "<group>";
		};
		21A4BB8A2A9E3C0E00C45B3E /* CustomViewClass */ = {
			isa = PBXGroup;
			children = (
				21A4BB782A9DE64500C45B3E /* ChevronButton.swift */,
				21A4BB882A9E3B2D00C45B3E /* DarkTextLabelWhiteText.swift */,
			);
			path = CustomViewClass;
			sourceTree = "<group>";
		};
		21A4BB8B2A9E3C1700C45B3E /* Scenes */ = {
			isa = PBXGroup;
			children = (
				21A4BB8A2A9E3C0E00C45B3E /* CustomViewClass */,
				21A4BB762A9DE4E100C45B3E /* ProfileView.swift */,
			);
			path = Scenes;
			sourceTree = "<group>";
		};
		21E1112C2A9D145600F347F9 /* DataStruct */ = {
			isa = PBXGroup;
			children = (
				21A4BB832A9DEA0800C45B3E /* API */,
				21A4BB812A9DE8AF00C45B3E /* Profile.swift */,
			);
			path = DataStruct;
			sourceTree = "<group>";
		};
		21E1112D2A9D146800F347F9 /* Manager */ = {
			isa = PBXGroup;
			children = (
				21A4BB862A9E305600C45B3E /* NotUsingGenericEachNetworking.swift */,
				21F62DF12A9C98DA00DD2CC9 /* NetworkManager.swift */,
				21F62DEF2A9C98A700DD2CC9 /* DataManager.swift */,
			);
			path = Manager;
			sourceTree = "<group>";
		};
		21F62DC62A9C980900DD2CC9 = {
			isa = PBXGroup;
			children = (
				21F62DD12A9C980900DD2CC9 /* TMDBCodeBaseNetworkSingleton */,
				21F62DD02A9C980900DD2CC9 /* Products */,
			);
			sourceTree = "<group>";
		};
		21F62DD02A9C980900DD2CC9 /* Products */ = {
			isa = PBXGroup;
			children = (
				21F62DCF2A9C980900DD2CC9 /* TMDBCodeBaseNetworkSingleton.app */,
			);
			name = Products;
			sourceTree = "<group>";
		};
		21F62DD12A9C980900DD2CC9 /* TMDBCodeBaseNetworkSingleton */ = {
			isa = PBXGroup;
			children = (
				21F62DD22A9C980900DD2CC9 /* AppDelegate.swift */,
				21F62DD42A9C980900DD2CC9 /* SceneDelegate.swift */,
				21F62DF62A9C997400DD2CC9 /* APIKey.swift */,
				21A4BB692A9DCF8500C45B3E /* Setup */,
				21F62DF32A9C98E000DD2CC9 /* Model */,
				21F62E262A9CC4A800DD2CC9 /* Base */,
				21F62E152A9CC36700DD2CC9 /* OnBoarding */,
				21A4BB752A9DE4D300C45B3E /* Profile */,
				21F62E1E2A9CC3EB00DD2CC9 /* TrendMovie */,
				21F62E212A9CC42400DD2CC9 /* Cast */,
				21F62E2F2A9CEBB200DD2CC9 /* SimilarAndVideo */,
				21F62DDB2A9C980A00DD2CC9 /* Assets.xcassets */,
				21F62DDD2A9C980A00DD2CC9 /* LaunchScreen.storyboard */,
				21F62DF42A9C996500DD2CC9 /* .gitignore */,
				21F62DE02A9C980A00DD2CC9 /* Info.plist */,
			);
			path = TMDBCodeBaseNetworkSingleton;
			sourceTree = "<group>";
		};
		21F62DF32A9C98E000DD2CC9 /* Model */ = {
			isa = PBXGroup;
			children = (
				21E1112C2A9D145600F347F9 /* DataStruct */,
				21E1112D2A9D146800F347F9 /* Manager */,
			);
			path = Model;
			sourceTree = "<group>";
		};
		21F62E062A9CAA8500DD2CC9 /* URL */ = {
			isa = PBXGroup;
			children = (
				21F62E072A9CAAB700DD2CC9 /* DataUrl.swift */,
				21F62E042A9CAA8100DD2CC9 /* ImageUrl.swift */,
			);
			path = URL;
			sourceTree = "<group>";
		};
		21F62E152A9CC36700DD2CC9 /* OnBoarding */ = {
			isa = PBXGroup;
			children = (
				21F62E132A9CC36400DD2CC9 /* OnBoardingViewController.swift */,
				21F62E162A9CC38400DD2CC9 /* FirstViewController.swift */,
				21F62E182A9CC38A00DD2CC9 /* SecondViewController.swift */,
				21F62E1A2A9CC38F00DD2CC9 /* ThirdViewController.swift */,
			);
			path = OnBoarding;
			sourceTree = "<group>";
		};
		21F62E1E2A9CC3EB00DD2CC9 /* TrendMovie */ = {
			isa = PBXGroup;
			children = (
				21A4BB6A2A9DDAD400C45B3E /* Scenes */,
				21F62DD62A9C980900DD2CC9 /* TrendViewController.swift */,
			);
			path = TrendMovie;
			sourceTree = "<group>";
		};
		21F62E212A9CC42400DD2CC9 /* Cast */ = {
			isa = PBXGroup;
			children = (
				21A4BB6D2A9DDC5100C45B3E /* Scenes */,
				21F62DFC2A9CA9EC00DD2CC9 /* CastViewController.swift */,
			);
			path = Cast;
			sourceTree = "<group>";
		};
		21F62E262A9CC4A800DD2CC9 /* Base */ = {
			isa = PBXGroup;
			children = (
				21F62E222A9CC49A00DD2CC9 /* BaseView.swift */,
				21F62E292A9CE91F00DD2CC9 /* BaseCollectionViewCell.swift */,
				21F62E2B2A9CE92700DD2CC9 /* BaseTableViewCell.swift */,
				21F62E242A9CC4A500DD2CC9 /* BaseViewController.swift */,
			);
			path = Base;
			sourceTree = "<group>";
		};
		21F62E2F2A9CEBB200DD2CC9 /* SimilarAndVideo */ = {
			isa = PBXGroup;
			children = (
				21A4BB702A9DDECC00C45B3E /* Scenes */,
				21F62E2D2A9CEBAF00DD2CC9 /* SegmentControlViewController.swift */,
			);
			path = SimilarAndVideo;
			sourceTree = "<group>";
		};
/* End PBXGroup section */

/* Begin PBXNativeTarget section */
		21F62DCE2A9C980900DD2CC9 /* TMDBCodeBaseNetworkSingleton */ = {
			isa = PBXNativeTarget;
			buildConfigurationList = 21F62DE32A9C980A00DD2CC9 /* Build configuration list for PBXNativeTarget "TMDBCodeBaseNetworkSingleton" */;
			buildPhases = (
				21F62DCB2A9C980900DD2CC9 /* Sources */,
				21F62DCC2A9C980900DD2CC9 /* Frameworks */,
				21F62DCD2A9C980900DD2CC9 /* Resources */,
			);
			buildRules = (
			);
			dependencies = (
			);
			name = TMDBCodeBaseNetworkSingleton;
			packageProductDependencies = (
				21F62DE72A9C986600DD2CC9 /* SnapKit */,
				21F62DEA2A9C987000DD2CC9 /* Alamofire */,
			);
			productName = TMDBCodeBaseNetworkSingleton;
			productReference = 21F62DCF2A9C980900DD2CC9 /* TMDBCodeBaseNetworkSingleton.app */;
			productType = "com.apple.product-type.application";
		};
/* End PBXNativeTarget section */

/* Begin PBXProject section */
		21F62DC72A9C980900DD2CC9 /* Project object */ = {
			isa = PBXProject;
			attributes = {
				BuildIndependentTargetsInParallel = 1;
				LastSwiftUpdateCheck = 1430;
				LastUpgradeCheck = 1430;
				TargetAttributes = {
					21F62DCE2A9C980900DD2CC9 = {
						CreatedOnToolsVersion = 14.3.1;
					};
				};
			};
			buildConfigurationList = 21F62DCA2A9C980900DD2CC9 /* Build configuration list for PBXProject "TMDBCodeBaseNetworkSingleton" */;
			compatibilityVersion = "Xcode 14.0";
			developmentRegion = en;
			hasScannedForEncodings = 0;
			knownRegions = (
				en,
				Base,
			);
			mainGroup = 21F62DC62A9C980900DD2CC9;
			packageReferences = (
				21F62DE62A9C986600DD2CC9 /* XCRemoteSwiftPackageReference "SnapKit" */,
				21F62DE92A9C987000DD2CC9 /* XCRemoteSwiftPackageReference "Alamofire" */,
			);
			productRefGroup = 21F62DD02A9C980900DD2CC9 /* Products */;
			projectDirPath = "";
			projectRoot = "";
			targets = (
				21F62DCE2A9C980900DD2CC9 /* TMDBCodeBaseNetworkSingleton */,
			);
		};
/* End PBXProject section */

/* Begin PBXResourcesBuildPhase section */
		21F62DCD2A9C980900DD2CC9 /* Resources */ = {
			isa = PBXResourcesBuildPhase;
			buildActionMask = 2147483647;
			files = (
				21F62DDF2A9C980A00DD2CC9 /* LaunchScreen.storyboard in Resources */,
				21F62DF52A9C996500DD2CC9 /* .gitignore in Resources */,
				21F62DDC2A9C980A00DD2CC9 /* Assets.xcassets in Resources */,
			);
			runOnlyForDeploymentPostprocessing = 0;
		};
/* End PBXResourcesBuildPhase section */

/* Begin PBXSourcesBuildPhase section */
		21F62DCB2A9C980900DD2CC9 /* Sources */ = {
			isa = PBXSourcesBuildPhase;
			buildActionMask = 2147483647;
			files = (
				21F62E192A9CC38A00DD2CC9 /* SecondViewController.swift in Sources */,
				21A4BB852A9DF00200C45B3E /* NSNotification.Name+Extension.swift in Sources */,
				21F62E282A9CE90200DD2CC9 /* TrendCollectionViewCell.swift in Sources */,
				21A4BB792A9DE64500C45B3E /* ChevronButton.swift in Sources */,
				21F62E2E2A9CEBAF00DD2CC9 /* SegmentControlViewController.swift in Sources */,
				21F62E232A9CC49A00DD2CC9 /* BaseView.swift in Sources */,
				214221292AA4E6C600774751 /* VideoCollectionViewCell.swift in Sources */,
				21F62DD72A9C980900DD2CC9 /* TrendViewController.swift in Sources */,
				21F62DF02A9C98A700DD2CC9 /* DataManager.swift in Sources */,
				21F62E032A9CAA3900DD2CC9 /* Enum.swift in Sources */,
				21F62E252A9CC4A500DD2CC9 /* BaseViewController.swift in Sources */,
				21A4BB822A9DE8AF00C45B3E /* Profile.swift in Sources */,
				21F62DF22A9C98DA00DD2CC9 /* NetworkManager.swift in Sources */,
				21A4BB872A9E305600C45B3E /* NotUsingGenericEachNetworking.swift in Sources */,
				21F62DFF2A9CAA0700DD2CC9 /* TrendStruct.swift in Sources */,
				21A4BB6F2A9DDE8C00C45B3E /* SimilarMediaCollectionViewCell.swift in Sources */,
				21A4BB7D2A9DE78C00C45B3E /* AgeViewController.swift in Sources */,
				21F62E052A9CAA8100DD2CC9 /* ImageUrl.swift in Sources */,
				21F62E172A9CC38400DD2CC9 /* FirstViewController.swift in Sources */,
				21F62E0C2A9CB0C600DD2CC9 /* TVDetail.swift in Sources */,
				21F62E012A9CAA0F00DD2CC9 /* CastStruct.swift in Sources */,
				21F62E1D2A9CC3E000DD2CC9 /* TrendView.swift in Sources */,
				21A4BB772A9DE4E100C45B3E /* ProfileView.swift in Sources */,
				21A4BB7F2A9DE79500C45B3E /* EmailViewController.swift in Sources */,
				21F62E102A9CBA2100DD2CC9 /* SimilarList.swift in Sources */,
				21A4BB7B2A9DE78500C45B3E /* NameViewController.swift in Sources */,
				21F62DF92A9CA89D00DD2CC9 /* Protocol.swift in Sources */,
				21F62DD32A9C980900DD2CC9 /* AppDelegate.swift in Sources */,
				21F62E122A9CBA4700DD2CC9 /* VideoList.swift in Sources */,
				21F62E082A9CAAB700DD2CC9 /* DataUrl.swift in Sources */,
				21A4BB722A9DE07300C45B3E /* OverviewTableViewCell.swift in Sources */,
				21A4BB6C2A9DDC4000C45B3E /* CastTableViewCell.swift in Sources */,
				21A4BB892A9E3B2D00C45B3E /* DarkTextLabelWhiteText.swift in Sources */,
				21F62DFD2A9CA9EC00DD2CC9 /* CastViewController.swift in Sources */,
				21F62DF72A9C997400DD2CC9 /* APIKey.swift in Sources */,
				21F62E2A2A9CE91F00DD2CC9 /* BaseCollectionViewCell.swift in Sources */,
				21F62DD52A9C980900DD2CC9 /* SceneDelegate.swift in Sources */,
				21F62E0E2A9CB0FE00DD2CC9 /* SeasonDetail.swift in Sources */,
				21F62E312A9CEBCD00DD2CC9 /* SegmentView.swift in Sources */,
				21F62DFB2A9CA8BE00DD2CC9 /* URL+Extension.swift in Sources */,
				21F62E142A9CC36400DD2CC9 /* OnBoardingViewController.swift in Sources */,
				21A4BB682A9DCDFC00C45B3E /* ReusableViewProtocol+Extension.swift in Sources */,
				21F62E202A9CC42000DD2CC9 /* CastView.swift in Sources */,
				21A4BB742A9DE4CF00C45B3E /* ProfileViewController.swift in Sources */,
				21F62E2C2A9CE92700DD2CC9 /* BaseTableViewCell.swift in Sources */,
				21F62E1B2A9CC38F00DD2CC9 /* ThirdViewController.swift in Sources */,
			);
			runOnlyForDeploymentPostprocessing = 0;
		};
/* End PBXSourcesBuildPhase section */

/* Begin PBXVariantGroup section */
		21F62DDD2A9C980A00DD2CC9 /* LaunchScreen.storyboard */ = {
			isa = PBXVariantGroup;
			children = (
				21F62DDE2A9C980A00DD2CC9 /* Base */,
			);
			name = LaunchScreen.storyboard;
			sourceTree = "<group>";
		};
/* End PBXVariantGroup section */

/* Begin XCBuildConfiguration section */
		21F62DE12A9C980A00DD2CC9 /* Debug */ = {
			isa = XCBuildConfiguration;
			buildSettings = {
				ALWAYS_SEARCH_USER_PATHS = NO;
				CLANG_ANALYZER_NONNULL = YES;
				CLANG_ANALYZER_NUMBER_OBJECT_CONVERSION = YES_AGGRESSIVE;
				CLANG_CXX_LANGUAGE_STANDARD = "gnu++20";
				CLANG_ENABLE_MODULES = YES;
				CLANG_ENABLE_OBJC_ARC = YES;
				CLANG_ENABLE_OBJC_WEAK = YES;
				CLANG_WARN_BLOCK_CAPTURE_AUTORELEASING = YES;
				CLANG_WARN_BOOL_CONVERSION = YES;
				CLANG_WARN_COMMA = YES;
				CLANG_WARN_CONSTANT_CONVERSION = YES;
				CLANG_WARN_DEPRECATED_OBJC_IMPLEMENTATIONS = YES;
				CLANG_WARN_DIRECT_OBJC_ISA_USAGE = YES_ERROR;
				CLANG_WARN_DOCUMENTATION_COMMENTS = YES;
				CLANG_WARN_EMPTY_BODY = YES;
				CLANG_WARN_ENUM_CONVERSION = YES;
				CLANG_WARN_INFINITE_RECURSION = YES;
				CLANG_WARN_INT_CONVERSION = YES;
				CLANG_WARN_NON_LITERAL_NULL_CONVERSION = YES;
				CLANG_WARN_OBJC_IMPLICIT_RETAIN_SELF = YES;
				CLANG_WARN_OBJC_LITERAL_CONVERSION = YES;
				CLANG_WARN_OBJC_ROOT_CLASS = YES_ERROR;
				CLANG_WARN_QUOTED_INCLUDE_IN_FRAMEWORK_HEADER = YES;
				CLANG_WARN_RANGE_LOOP_ANALYSIS = YES;
				CLANG_WARN_STRICT_PROTOTYPES = YES;
				CLANG_WARN_SUSPICIOUS_MOVE = YES;
				CLANG_WARN_UNGUARDED_AVAILABILITY = YES_AGGRESSIVE;
				CLANG_WARN_UNREACHABLE_CODE = YES;
				CLANG_WARN__DUPLICATE_METHOD_MATCH = YES;
				COPY_PHASE_STRIP = NO;
				DEBUG_INFORMATION_FORMAT = dwarf;
				ENABLE_STRICT_OBJC_MSGSEND = YES;
				ENABLE_TESTABILITY = YES;
				GCC_C_LANGUAGE_STANDARD = gnu11;
				GCC_DYNAMIC_NO_PIC = NO;
				GCC_NO_COMMON_BLOCKS = YES;
				GCC_OPTIMIZATION_LEVEL = 0;
				GCC_PREPROCESSOR_DEFINITIONS = (
					"DEBUG=1",
					"$(inherited)",
				);
				GCC_WARN_64_TO_32_BIT_CONVERSION = YES;
				GCC_WARN_ABOUT_RETURN_TYPE = YES_ERROR;
				GCC_WARN_UNDECLARED_SELECTOR = YES;
				GCC_WARN_UNINITIALIZED_AUTOS = YES_AGGRESSIVE;
				GCC_WARN_UNUSED_FUNCTION = YES;
				GCC_WARN_UNUSED_VARIABLE = YES;
				IPHONEOS_DEPLOYMENT_TARGET = 16.4;
				MTL_ENABLE_DEBUG_INFO = INCLUDE_SOURCE;
				MTL_FAST_MATH = YES;
				ONLY_ACTIVE_ARCH = YES;
				SDKROOT = iphoneos;
				SWIFT_ACTIVE_COMPILATION_CONDITIONS = DEBUG;
				SWIFT_OPTIMIZATION_LEVEL = "-Onone";
			};
			name = Debug;
		};
		21F62DE22A9C980A00DD2CC9 /* Release */ = {
			isa = XCBuildConfiguration;
			buildSettings = {
				ALWAYS_SEARCH_USER_PATHS = NO;
				CLANG_ANALYZER_NONNULL = YES;
				CLANG_ANALYZER_NUMBER_OBJECT_CONVERSION = YES_AGGRESSIVE;
				CLANG_CXX_LANGUAGE_STANDARD = "gnu++20";
				CLANG_ENABLE_MODULES = YES;
				CLANG_ENABLE_OBJC_ARC = YES;
				CLANG_ENABLE_OBJC_WEAK = YES;
				CLANG_WARN_BLOCK_CAPTURE_AUTORELEASING = YES;
				CLANG_WARN_BOOL_CONVERSION = YES;
				CLANG_WARN_COMMA = YES;
				CLANG_WARN_CONSTANT_CONVERSION = YES;
				CLANG_WARN_DEPRECATED_OBJC_IMPLEMENTATIONS = YES;
				CLANG_WARN_DIRECT_OBJC_ISA_USAGE = YES_ERROR;
				CLANG_WARN_DOCUMENTATION_COMMENTS = YES;
				CLANG_WARN_EMPTY_BODY = YES;
				CLANG_WARN_ENUM_CONVERSION = YES;
				CLANG_WARN_INFINITE_RECURSION = YES;
				CLANG_WARN_INT_CONVERSION = YES;
				CLANG_WARN_NON_LITERAL_NULL_CONVERSION = YES;
				CLANG_WARN_OBJC_IMPLICIT_RETAIN_SELF = YES;
				CLANG_WARN_OBJC_LITERAL_CONVERSION = YES;
				CLANG_WARN_OBJC_ROOT_CLASS = YES_ERROR;
				CLANG_WARN_QUOTED_INCLUDE_IN_FRAMEWORK_HEADER = YES;
				CLANG_WARN_RANGE_LOOP_ANALYSIS = YES;
				CLANG_WARN_STRICT_PROTOTYPES = YES;
				CLANG_WARN_SUSPICIOUS_MOVE = YES;
				CLANG_WARN_UNGUARDED_AVAILABILITY = YES_AGGRESSIVE;
				CLANG_WARN_UNREACHABLE_CODE = YES;
				CLANG_WARN__DUPLICATE_METHOD_MATCH = YES;
				COPY_PHASE_STRIP = NO;
				DEBUG_INFORMATION_FORMAT = "dwarf-with-dsym";
				ENABLE_NS_ASSERTIONS = NO;
				ENABLE_STRICT_OBJC_MSGSEND = YES;
				GCC_C_LANGUAGE_STANDARD = gnu11;
				GCC_NO_COMMON_BLOCKS = YES;
				GCC_WARN_64_TO_32_BIT_CONVERSION = YES;
				GCC_WARN_ABOUT_RETURN_TYPE = YES_ERROR;
				GCC_WARN_UNDECLARED_SELECTOR = YES;
				GCC_WARN_UNINITIALIZED_AUTOS = YES_AGGRESSIVE;
				GCC_WARN_UNUSED_FUNCTION = YES;
				GCC_WARN_UNUSED_VARIABLE = YES;
				IPHONEOS_DEPLOYMENT_TARGET = 16.4;
				MTL_ENABLE_DEBUG_INFO = NO;
				MTL_FAST_MATH = YES;
				SDKROOT = iphoneos;
				SWIFT_COMPILATION_MODE = wholemodule;
				SWIFT_OPTIMIZATION_LEVEL = "-O";
				VALIDATE_PRODUCT = YES;
			};
			name = Release;
		};
		21F62DE42A9C980A00DD2CC9 /* Debug */ = {
			isa = XCBuildConfiguration;
			buildSettings = {
				ASSETCATALOG_COMPILER_APPICON_NAME = AppIcon;
				ASSETCATALOG_COMPILER_GLOBAL_ACCENT_COLOR_NAME = AccentColor;
				CODE_SIGN_STYLE = Automatic;
				CURRENT_PROJECT_VERSION = 1;
				GENERATE_INFOPLIST_FILE = YES;
				INFOPLIST_FILE = TMDBCodeBaseNetworkSingleton/Info.plist;
				INFOPLIST_KEY_UIApplicationSupportsIndirectInputEvents = YES;
				INFOPLIST_KEY_UILaunchStoryboardName = LaunchScreen;
				INFOPLIST_KEY_UISupportedInterfaceOrientations = UIInterfaceOrientationPortrait;
				INFOPLIST_KEY_UISupportedInterfaceOrientations_iPad = "UIInterfaceOrientationLandscapeLeft UIInterfaceOrientationLandscapeRight UIInterfaceOrientationPortrait UIInterfaceOrientationPortraitUpsideDown";
				LD_RUNPATH_SEARCH_PATHS = (
					"$(inherited)",
					"@executable_path/Frameworks",
				);
				MARKETING_VERSION = 1.0;
				PRODUCT_BUNDLE_IDENTIFIER = com.phillyh.TMDBCodeBaseNetworkSingleton;
				PRODUCT_NAME = "$(TARGET_NAME)";
				SUPPORTED_PLATFORMS = "iphoneos iphonesimulator";
				SUPPORTS_MACCATALYST = NO;
				SUPPORTS_MAC_DESIGNED_FOR_IPHONE_IPAD = NO;
				SWIFT_EMIT_LOC_STRINGS = YES;
				SWIFT_VERSION = 5.0;
				TARGETED_DEVICE_FAMILY = 1;
			};
			name = Debug;
		};
		21F62DE52A9C980A00DD2CC9 /* Release */ = {
			isa = XCBuildConfiguration;
			buildSettings = {
				ASSETCATALOG_COMPILER_APPICON_NAME = AppIcon;
				ASSETCATALOG_COMPILER_GLOBAL_ACCENT_COLOR_NAME = AccentColor;
				CODE_SIGN_STYLE = Automatic;
				CURRENT_PROJECT_VERSION = 1;
				GENERATE_INFOPLIST_FILE = YES;
				INFOPLIST_FILE = TMDBCodeBaseNetworkSingleton/Info.plist;
				INFOPLIST_KEY_UIApplicationSupportsIndirectInputEvents = YES;
				INFOPLIST_KEY_UILaunchStoryboardName = LaunchScreen;
				INFOPLIST_KEY_UISupportedInterfaceOrientations = UIInterfaceOrientationPortrait;
				INFOPLIST_KEY_UISupportedInterfaceOrientations_iPad = "UIInterfaceOrientationLandscapeLeft UIInterfaceOrientationLandscapeRight UIInterfaceOrientationPortrait UIInterfaceOrientationPortraitUpsideDown";
				LD_RUNPATH_SEARCH_PATHS = (
					"$(inherited)",
					"@executable_path/Frameworks",
				);
				MARKETING_VERSION = 1.0;
				PRODUCT_BUNDLE_IDENTIFIER = com.phillyh.TMDBCodeBaseNetworkSingleton;
				PRODUCT_NAME = "$(TARGET_NAME)";
				SUPPORTED_PLATFORMS = "iphoneos iphonesimulator";
				SUPPORTS_MACCATALYST = NO;
				SUPPORTS_MAC_DESIGNED_FOR_IPHONE_IPAD = NO;
				SWIFT_EMIT_LOC_STRINGS = YES;
				SWIFT_VERSION = 5.0;
				TARGETED_DEVICE_FAMILY = 1;
			};
			name = Release;
		};
/* End XCBuildConfiguration section */

/* Begin XCConfigurationList section */
		21F62DCA2A9C980900DD2CC9 /* Build configuration list for PBXProject "TMDBCodeBaseNetworkSingleton" */ = {
			isa = XCConfigurationList;
			buildConfigurations = (
				21F62DE12A9C980A00DD2CC9 /* Debug */,
				21F62DE22A9C980A00DD2CC9 /* Release */,
			);
			defaultConfigurationIsVisible = 0;
			defaultConfigurationName = Release;
		};
		21F62DE32A9C980A00DD2CC9 /* Build configuration list for PBXNativeTarget "TMDBCodeBaseNetworkSingleton" */ = {
			isa = XCConfigurationList;
			buildConfigurations = (
				21F62DE42A9C980A00DD2CC9 /* Debug */,
				21F62DE52A9C980A00DD2CC9 /* Release */,
			);
			defaultConfigurationIsVisible = 0;
			defaultConfigurationName = Release;
		};
/* End XCConfigurationList section */

/* Begin XCRemoteSwiftPackageReference section */
		21F62DE62A9C986600DD2CC9 /* XCRemoteSwiftPackageReference "SnapKit" */ = {
			isa = XCRemoteSwiftPackageReference;
			repositoryURL = "https://github.com/SnapKit/SnapKit.git";
			requirement = {
				kind = upToNextMajorVersion;
				minimumVersion = 5.0.0;
			};
		};
		21F62DE92A9C987000DD2CC9 /* XCRemoteSwiftPackageReference "Alamofire" */ = {
			isa = XCRemoteSwiftPackageReference;
			repositoryURL = "https://github.com/Alamofire/Alamofire.git";
			requirement = {
				kind = upToNextMajorVersion;
				minimumVersion = 5.0.0;
			};
		};
/* End XCRemoteSwiftPackageReference section */

/* Begin XCSwiftPackageProductDependency section */
		21F62DE72A9C986600DD2CC9 /* SnapKit */ = {
			isa = XCSwiftPackageProductDependency;
			package = 21F62DE62A9C986600DD2CC9 /* XCRemoteSwiftPackageReference "SnapKit" */;
			productName = SnapKit;
		};
		21F62DEA2A9C987000DD2CC9 /* Alamofire */ = {
			isa = XCSwiftPackageProductDependency;
			package = 21F62DE92A9C987000DD2CC9 /* XCRemoteSwiftPackageReference "Alamofire" */;
			productName = Alamofire;
		};
/* End XCSwiftPackageProductDependency section */
	};
	rootObject = 21F62DC72A9C980900DD2CC9 /* Project object */;
}
