// !$*UTF8*$!
{
	archiveVersion = 1;
	classes = {
	};
	objectVersion = 56;
	objects = {

/* Begin PBXBuildFile section */
		210AB9272AF9C3AA00FE780B /* APIKey.swift in Sources */ = {isa = PBXBuildFile; fileRef = 210AB9262AF9C3AA00FE780B /* APIKey.swift */; };
		210AB92E2AFA235D00FE780B /* Network.swift in Sources */ = {isa = PBXBuildFile; fileRef = 210AB92D2AFA235D00FE780B /* Network.swift */; };
		210AB9302AFA259100FE780B /* MovieStruct.swift in Sources */ = {isa = PBXBuildFile; fileRef = 210AB92F2AFA259100FE780B /* MovieStruct.swift */; };
		210AB9322AFA271C00FE780B /* MovieCollectionViewCell.swift in Sources */ = {isa = PBXBuildFile; fileRef = 210AB9312AFA271C00FE780B /* MovieCollectionViewCell.swift */; };
		210AB9342AFA277D00FE780B /* MovieTableViewCell.swift in Sources */ = {isa = PBXBuildFile; fileRef = 210AB9332AFA277D00FE780B /* MovieTableViewCell.swift */; };
		210AB9362AFA2B4F00FE780B /* ViewModel.swift in Sources */ = {isa = PBXBuildFile; fileRef = 210AB9352AFA2B4F00FE780B /* ViewModel.swift */; };
		218EE5CE2AF8DC610098F137 /* AppDelegate.swift in Sources */ = {isa = PBXBuildFile; fileRef = 218EE5CD2AF8DC610098F137 /* AppDelegate.swift */; };
		218EE5D02AF8DC610098F137 /* SceneDelegate.swift in Sources */ = {isa = PBXBuildFile; fileRef = 218EE5CF2AF8DC610098F137 /* SceneDelegate.swift */; };
		218EE5D22AF8DC610098F137 /* ViewController.swift in Sources */ = {isa = PBXBuildFile; fileRef = 218EE5D12AF8DC610098F137 /* ViewController.swift */; };
		218EE5D72AF8DC630098F137 /* Assets.xcassets in Resources */ = {isa = PBXBuildFile; fileRef = 218EE5D62AF8DC630098F137 /* Assets.xcassets */; };
		218EE5DA2AF8DC630098F137 /* LaunchScreen.storyboard in Resources */ = {isa = PBXBuildFile; fileRef = 218EE5D82AF8DC630098F137 /* LaunchScreen.storyboard */; };
		218EE5E22AF8E7F30098F137 /* .gitignore in Resources */ = {isa = PBXBuildFile; fileRef = 218EE5E12AF8E7F30098F137 /* .gitignore */; };
		218EE5E52AF91F410098F137 /* RxCocoa in Frameworks */ = {isa = PBXBuildFile; productRef = 218EE5E42AF91F410098F137 /* RxCocoa */; };
		218EE5E72AF91F410098F137 /* RxSwift in Frameworks */ = {isa = PBXBuildFile; productRef = 218EE5E62AF91F410098F137 /* RxSwift */; };
		218EE5EA2AF91F510098F137 /* SnapKit in Frameworks */ = {isa = PBXBuildFile; productRef = 218EE5E92AF91F510098F137 /* SnapKit */; };
/* End PBXBuildFile section */

/* Begin PBXFileReference section */
		210AB9262AF9C3AA00FE780B /* APIKey.swift */ = {isa = PBXFileReference; lastKnownFileType = sourcecode.swift; path = APIKey.swift; sourceTree = "<group>"; };
		210AB92D2AFA235D00FE780B /* Network.swift */ = {isa = PBXFileReference; lastKnownFileType = sourcecode.swift; path = Network.swift; sourceTree = "<group>"; };
		210AB92F2AFA259100FE780B /* MovieStruct.swift */ = {isa = PBXFileReference; lastKnownFileType = sourcecode.swift; path = MovieStruct.swift; sourceTree = "<group>"; };
		210AB9312AFA271C00FE780B /* MovieCollectionViewCell.swift */ = {isa = PBXFileReference; lastKnownFileType = sourcecode.swift; path = MovieCollectionViewCell.swift; sourceTree = "<group>"; };
		210AB9332AFA277D00FE780B /* MovieTableViewCell.swift */ = {isa = PBXFileReference; lastKnownFileType = sourcecode.swift; path = MovieTableViewCell.swift; sourceTree = "<group>"; };
		210AB9352AFA2B4F00FE780B /* ViewModel.swift */ = {isa = PBXFileReference; lastKnownFileType = sourcecode.swift; path = ViewModel.swift; sourceTree = "<group>"; };
		218EE5CA2AF8DC610098F137 /* RxSwiftMovieAPI.app */ = {isa = PBXFileReference; explicitFileType = wrapper.application; includeInIndex = 0; path = RxSwiftMovieAPI.app; sourceTree = BUILT_PRODUCTS_DIR; };
		218EE5CD2AF8DC610098F137 /* AppDelegate.swift */ = {isa = PBXFileReference; lastKnownFileType = sourcecode.swift; path = AppDelegate.swift; sourceTree = "<group>"; };
		218EE5CF2AF8DC610098F137 /* SceneDelegate.swift */ = {isa = PBXFileReference; lastKnownFileType = sourcecode.swift; path = SceneDelegate.swift; sourceTree = "<group>"; };
		218EE5D12AF8DC610098F137 /* ViewController.swift */ = {isa = PBXFileReference; lastKnownFileType = sourcecode.swift; path = ViewController.swift; sourceTree = "<group>"; };
		218EE5D62AF8DC630098F137 /* Assets.xcassets */ = {isa = PBXFileReference; lastKnownFileType = folder.assetcatalog; path = Assets.xcassets; sourceTree = "<group>"; };
		218EE5D92AF8DC630098F137 /* Base */ = {isa = PBXFileReference; lastKnownFileType = file.storyboard; name = Base; path = Base.lproj/LaunchScreen.storyboard; sourceTree = "<group>"; };
		218EE5DB2AF8DC630098F137 /* Info.plist */ = {isa = PBXFileReference; lastKnownFileType = text.plist.xml; path = Info.plist; sourceTree = "<group>"; };
		218EE5E12AF8E7F30098F137 /* .gitignore */ = {isa = PBXFileReference; lastKnownFileType = text; path = .gitignore; sourceTree = "<group>"; };
/* End PBXFileReference section */

/* Begin PBXFrameworksBuildPhase section */
		218EE5C72AF8DC610098F137 /* Frameworks */ = {
			isa = PBXFrameworksBuildPhase;
			buildActionMask = 2147483647;
			files = (
				218EE5EA2AF91F510098F137 /* SnapKit in Frameworks */,
				218EE5E72AF91F410098F137 /* RxSwift in Frameworks */,
				218EE5E52AF91F410098F137 /* RxCocoa in Frameworks */,
			);
			runOnlyForDeploymentPostprocessing = 0;
		};
/* End PBXFrameworksBuildPhase section */

/* Begin PBXGroup section */
		218EE5C12AF8DC610098F137 = {
			isa = PBXGroup;
			children = (
				218EE5CC2AF8DC610098F137 /* RxSwiftMovieAPI */,
				218EE5CB2AF8DC610098F137 /* Products */,
			);
			sourceTree = "<group>";
		};
		218EE5CB2AF8DC610098F137 /* Products */ = {
			isa = PBXGroup;
			children = (
				218EE5CA2AF8DC610098F137 /* RxSwiftMovieAPI.app */,
			);
			name = Products;
			sourceTree = "<group>";
		};
		218EE5CC2AF8DC610098F137 /* RxSwiftMovieAPI */ = {
			isa = PBXGroup;
			children = (
				218EE5CD2AF8DC610098F137 /* AppDelegate.swift */,
				218EE5CF2AF8DC610098F137 /* SceneDelegate.swift */,
				210AB9262AF9C3AA00FE780B /* APIKey.swift */,
				210AB92F2AFA259100FE780B /* MovieStruct.swift */,
				210AB92D2AFA235D00FE780B /* Network.swift */,
				210AB9312AFA271C00FE780B /* MovieCollectionViewCell.swift */,
				210AB9332AFA277D00FE780B /* MovieTableViewCell.swift */,
				210AB9352AFA2B4F00FE780B /* ViewModel.swift */,
				218EE5D12AF8DC610098F137 /* ViewController.swift */,
				218EE5D62AF8DC630098F137 /* Assets.xcassets */,
				218EE5D82AF8DC630098F137 /* LaunchScreen.storyboard */,
				218EE5E12AF8E7F30098F137 /* .gitignore */,
				218EE5DB2AF8DC630098F137 /* Info.plist */,
			);
			path = RxSwiftMovieAPI;
			sourceTree = "<group>";
		};
/* End PBXGroup section */

/* Begin PBXNativeTarget section */
		218EE5C92AF8DC610098F137 /* RxSwiftMovieAPI */ = {
			isa = PBXNativeTarget;
			buildConfigurationList = 218EE5DE2AF8DC630098F137 /* Build configuration list for PBXNativeTarget "RxSwiftMovieAPI" */;
			buildPhases = (
				218EE5C62AF8DC610098F137 /* Sources */,
				218EE5C72AF8DC610098F137 /* Frameworks */,
				218EE5C82AF8DC610098F137 /* Resources */,
			);
			buildRules = (
			);
			dependencies = (
			);
			name = RxSwiftMovieAPI;
			packageProductDependencies = (
				218EE5E42AF91F410098F137 /* RxCocoa */,
				218EE5E62AF91F410098F137 /* RxSwift */,
				218EE5E92AF91F510098F137 /* SnapKit */,
			);
			productName = RxSwiftMovieAPI;
			productReference = 218EE5CA2AF8DC610098F137 /* RxSwiftMovieAPI.app */;
			productType = "com.apple.product-type.application";
		};
/* End PBXNativeTarget section */

/* Begin PBXProject section */
		218EE5C22AF8DC610098F137 /* Project object */ = {
			isa = PBXProject;
			attributes = {
				BuildIndependentTargetsInParallel = 1;
				LastSwiftUpdateCheck = 1500;
				LastUpgradeCheck = 1500;
				TargetAttributes = {
					218EE5C92AF8DC610098F137 = {
						CreatedOnToolsVersion = 15.0.1;
					};
				};
			};
			buildConfigurationList = 218EE5C52AF8DC610098F137 /* Build configuration list for PBXProject "RxSwiftMovieAPI" */;
			compatibilityVersion = "Xcode 14.0";
			developmentRegion = en;
			hasScannedForEncodings = 0;
			knownRegions = (
				en,
				Base,
			);
			mainGroup = 218EE5C12AF8DC610098F137;
			packageReferences = (
				218EE5E32AF91F410098F137 /* XCRemoteSwiftPackageReference "RxSwift" */,
				218EE5E82AF91F510098F137 /* XCRemoteSwiftPackageReference "SnapKit" */,
			);
			productRefGroup = 218EE5CB2AF8DC610098F137 /* Products */;
			projectDirPath = "";
			projectRoot = "";
			targets = (
				218EE5C92AF8DC610098F137 /* RxSwiftMovieAPI */,
			);
		};
/* End PBXProject section */

/* Begin PBXResourcesBuildPhase section */
		218EE5C82AF8DC610098F137 /* Resources */ = {
			isa = PBXResourcesBuildPhase;
			buildActionMask = 2147483647;
			files = (
				218EE5DA2AF8DC630098F137 /* LaunchScreen.storyboard in Resources */,
				218EE5E22AF8E7F30098F137 /* .gitignore in Resources */,
				218EE5D72AF8DC630098F137 /* Assets.xcassets in Resources */,
			);
			runOnlyForDeploymentPostprocessing = 0;
		};
/* End PBXResourcesBuildPhase section */

/* Begin PBXSourcesBuildPhase section */
		218EE5C62AF8DC610098F137 /* Sources */ = {
			isa = PBXSourcesBuildPhase;
			buildActionMask = 2147483647;
			files = (
				210AB9322AFA271C00FE780B /* MovieCollectionViewCell.swift in Sources */,
				210AB9362AFA2B4F00FE780B /* ViewModel.swift in Sources */,
				210AB92E2AFA235D00FE780B /* Network.swift in Sources */,
				210AB9302AFA259100FE780B /* MovieStruct.swift in Sources */,
				218EE5D22AF8DC610098F137 /* ViewController.swift in Sources */,
				218EE5CE2AF8DC610098F137 /* AppDelegate.swift in Sources */,
				210AB9272AF9C3AA00FE780B /* APIKey.swift in Sources */,
				210AB9342AFA277D00FE780B /* MovieTableViewCell.swift in Sources */,
				218EE5D02AF8DC610098F137 /* SceneDelegate.swift in Sources */,
			);
			runOnlyForDeploymentPostprocessing = 0;
		};
/* End PBXSourcesBuildPhase section */

/* Begin PBXVariantGroup section */
		218EE5D82AF8DC630098F137 /* LaunchScreen.storyboard */ = {
			isa = PBXVariantGroup;
			children = (
				218EE5D92AF8DC630098F137 /* Base */,
			);
			name = LaunchScreen.storyboard;
			sourceTree = "<group>";
		};
/* End PBXVariantGroup section */

/* Begin XCBuildConfiguration section */
		218EE5DC2AF8DC630098F137 /* Debug */ = {
			isa = XCBuildConfiguration;
			buildSettings = {
				ALWAYS_SEARCH_USER_PATHS = NO;
				ASSETCATALOG_COMPILER_GENERATE_SWIFT_ASSET_SYMBOL_EXTENSIONS = YES;
				CLANG_ANALYZER_NONNULL = YES;
				CLANG_ANALYZER_NUMBER_OBJECT_CONVERSION = YES_AGGRESSIVE;
				CLANG_CXX_LANGUAGE_STANDARD = "gnu++20";
				CLANG_ENABLE_MODULES = YES;
				CLANG_ENABLE_OBJC_ARC = YES;
				CLANG_ENABLE_OBJC_WEAK = YES;
				CLANG_WARN_BLOCK_CAPTURE_AUTORELEASING = YES;
				CLANG_WARN_BOOL_CONVERSION = YES;
				CLANG_WARN_COMMA = YES;
				CLANG_WARN_CONSTANT_CONVERSION = YES;
				CLANG_WARN_DEPRECATED_OBJC_IMPLEMENTATIONS = YES;
				CLANG_WARN_DIRECT_OBJC_ISA_USAGE = YES_ERROR;
				CLANG_WARN_DOCUMENTATION_COMMENTS = YES;
				CLANG_WARN_EMPTY_BODY = YES;
				CLANG_WARN_ENUM_CONVERSION = YES;
				CLANG_WARN_INFINITE_RECURSION = YES;
				CLANG_WARN_INT_CONVERSION = YES;
				CLANG_WARN_NON_LITERAL_NULL_CONVERSION = YES;
				CLANG_WARN_OBJC_IMPLICIT_RETAIN_SELF = YES;
				CLANG_WARN_OBJC_LITERAL_CONVERSION = YES;
				CLANG_WARN_OBJC_ROOT_CLASS = YES_ERROR;
				CLANG_WARN_QUOTED_INCLUDE_IN_FRAMEWORK_HEADER = YES;
				CLANG_WARN_RANGE_LOOP_ANALYSIS = YES;
				CLANG_WARN_STRICT_PROTOTYPES = YES;
				CLANG_WARN_SUSPICIOUS_MOVE = YES;
				CLANG_WARN_UNGUARDED_AVAILABILITY = YES_AGGRESSIVE;
				CLANG_WARN_UNREACHABLE_CODE = YES;
				CLANG_WARN__DUPLICATE_METHOD_MATCH = YES;
				COPY_PHASE_STRIP = NO;
				DEBUG_INFORMATION_FORMAT = dwarf;
				ENABLE_STRICT_OBJC_MSGSEND = YES;
				ENABLE_TESTABILITY = YES;
				ENABLE_USER_SCRIPT_SANDBOXING = YES;
				GCC_C_LANGUAGE_STANDARD = gnu17;
				GCC_DYNAMIC_NO_PIC = NO;
				GCC_NO_COMMON_BLOCKS = YES;
				GCC_OPTIMIZATION_LEVEL = 0;
				GCC_PREPROCESSOR_DEFINITIONS = (
					"DEBUG=1",
					"$(inherited)",
				);
				GCC_WARN_64_TO_32_BIT_CONVERSION = YES;
				GCC_WARN_ABOUT_RETURN_TYPE = YES_ERROR;
				GCC_WARN_UNDECLARED_SELECTOR = YES;
				GCC_WARN_UNINITIALIZED_AUTOS = YES_AGGRESSIVE;
				GCC_WARN_UNUSED_FUNCTION = YES;
				GCC_WARN_UNUSED_VARIABLE = YES;
				IPHONEOS_DEPLOYMENT_TARGET = 17.0;
				LOCALIZATION_PREFERS_STRING_CATALOGS = YES;
				MTL_ENABLE_DEBUG_INFO = INCLUDE_SOURCE;
				MTL_FAST_MATH = YES;
				ONLY_ACTIVE_ARCH = YES;
				SDKROOT = iphoneos;
				SWIFT_ACTIVE_COMPILATION_CONDITIONS = "DEBUG $(inherited)";
				SWIFT_OPTIMIZATION_LEVEL = "-Onone";
			};
			name = Debug;
		};
		218EE5DD2AF8DC630098F137 /* Release */ = {
			isa = XCBuildConfiguration;
			buildSettings = {
				ALWAYS_SEARCH_USER_PATHS = NO;
				ASSETCATALOG_COMPILER_GENERATE_SWIFT_ASSET_SYMBOL_EXTENSIONS = YES;
				CLANG_ANALYZER_NONNULL = YES;
				CLANG_ANALYZER_NUMBER_OBJECT_CONVERSION = YES_AGGRESSIVE;
				CLANG_CXX_LANGUAGE_STANDARD = "gnu++20";
				CLANG_ENABLE_MODULES = YES;
				CLANG_ENABLE_OBJC_ARC = YES;
				CLANG_ENABLE_OBJC_WEAK = YES;
				CLANG_WARN_BLOCK_CAPTURE_AUTORELEASING = YES;
				CLANG_WARN_BOOL_CONVERSION = YES;
				CLANG_WARN_COMMA = YES;
				CLANG_WARN_CONSTANT_CONVERSION = YES;
				CLANG_WARN_DEPRECATED_OBJC_IMPLEMENTATIONS = YES;
				CLANG_WARN_DIRECT_OBJC_ISA_USAGE = YES_ERROR;
				CLANG_WARN_DOCUMENTATION_COMMENTS = YES;
				CLANG_WARN_EMPTY_BODY = YES;
				CLANG_WARN_ENUM_CONVERSION = YES;
				CLANG_WARN_INFINITE_RECURSION = YES;
				CLANG_WARN_INT_CONVERSION = YES;
				CLANG_WARN_NON_LITERAL_NULL_CONVERSION = YES;
				CLANG_WARN_OBJC_IMPLICIT_RETAIN_SELF = YES;
				CLANG_WARN_OBJC_LITERAL_CONVERSION = YES;
				CLANG_WARN_OBJC_ROOT_CLASS = YES_ERROR;
				CLANG_WARN_QUOTED_INCLUDE_IN_FRAMEWORK_HEADER = YES;
				CLANG_WARN_RANGE_LOOP_ANALYSIS = YES;
				CLANG_WARN_STRICT_PROTOTYPES = YES;
				CLANG_WARN_SUSPICIOUS_MOVE = YES;
				CLANG_WARN_UNGUARDED_AVAILABILITY = YES_AGGRESSIVE;
				CLANG_WARN_UNREACHABLE_CODE = YES;
				CLANG_WARN__DUPLICATE_METHOD_MATCH = YES;
				COPY_PHASE_STRIP = NO;
				DEBUG_INFORMATION_FORMAT = "dwarf-with-dsym";
				ENABLE_NS_ASSERTIONS = NO;
				ENABLE_STRICT_OBJC_MSGSEND = YES;
				ENABLE_USER_SCRIPT_SANDBOXING = YES;
				GCC_C_LANGUAGE_STANDARD = gnu17;
				GCC_NO_COMMON_BLOCKS = YES;
				GCC_WARN_64_TO_32_BIT_CONVERSION = YES;
				GCC_WARN_ABOUT_RETURN_TYPE = YES_ERROR;
				GCC_WARN_UNDECLARED_SELECTOR = YES;
				GCC_WARN_UNINITIALIZED_AUTOS = YES_AGGRESSIVE;
				GCC_WARN_UNUSED_FUNCTION = YES;
				GCC_WARN_UNUSED_VARIABLE = YES;
				IPHONEOS_DEPLOYMENT_TARGET = 17.0;
				LOCALIZATION_PREFERS_STRING_CATALOGS = YES;
				MTL_ENABLE_DEBUG_INFO = NO;
				MTL_FAST_MATH = YES;
				SDKROOT = iphoneos;
				SWIFT_COMPILATION_MODE = wholemodule;
				VALIDATE_PRODUCT = YES;
			};
			name = Release;
		};
		218EE5DF2AF8DC630098F137 /* Debug */ = {
			isa = XCBuildConfiguration;
			buildSettings = {
				ASSETCATALOG_COMPILER_APPICON_NAME = AppIcon;
				ASSETCATALOG_COMPILER_GLOBAL_ACCENT_COLOR_NAME = AccentColor;
				CODE_SIGN_STYLE = Automatic;
				CURRENT_PROJECT_VERSION = 1;
				GENERATE_INFOPLIST_FILE = YES;
				INFOPLIST_FILE = RxSwiftMovieAPI/Info.plist;
				INFOPLIST_KEY_UIApplicationSupportsIndirectInputEvents = YES;
				INFOPLIST_KEY_UILaunchStoryboardName = LaunchScreen;
				INFOPLIST_KEY_UISupportedInterfaceOrientations = UIInterfaceOrientationPortrait;
				INFOPLIST_KEY_UISupportedInterfaceOrientations_iPad = "UIInterfaceOrientationLandscapeLeft UIInterfaceOrientationLandscapeRight UIInterfaceOrientationPortrait UIInterfaceOrientationPortraitUpsideDown";
				LD_RUNPATH_SEARCH_PATHS = (
					"$(inherited)",
					"@executable_path/Frameworks",
				);
				MARKETING_VERSION = 1.0;
				PRODUCT_BUNDLE_IDENTIFIER = com.phillyh.RxSwiftMovieAPI;
				PRODUCT_NAME = "$(TARGET_NAME)";
				SUPPORTED_PLATFORMS = "iphoneos iphonesimulator";
				SUPPORTS_MACCATALYST = NO;
				SUPPORTS_MAC_DESIGNED_FOR_IPHONE_IPAD = NO;
				SWIFT_EMIT_LOC_STRINGS = YES;
				SWIFT_VERSION = 5.0;
				TARGETED_DEVICE_FAMILY = 1;
			};
			name = Debug;
		};
		218EE5E02AF8DC630098F137 /* Release */ = {
			isa = XCBuildConfiguration;
			buildSettings = {
				ASSETCATALOG_COMPILER_APPICON_NAME = AppIcon;
				ASSETCATALOG_COMPILER_GLOBAL_ACCENT_COLOR_NAME = AccentColor;
				CODE_SIGN_STYLE = Automatic;
				CURRENT_PROJECT_VERSION = 1;
				GENERATE_INFOPLIST_FILE = YES;
				INFOPLIST_FILE = RxSwiftMovieAPI/Info.plist;
				INFOPLIST_KEY_UIApplicationSupportsIndirectInputEvents = YES;
				INFOPLIST_KEY_UILaunchStoryboardName = LaunchScreen;
				INFOPLIST_KEY_UISupportedInterfaceOrientations = UIInterfaceOrientationPortrait;
				INFOPLIST_KEY_UISupportedInterfaceOrientations_iPad = "UIInterfaceOrientationLandscapeLeft UIInterfaceOrientationLandscapeRight UIInterfaceOrientationPortrait UIInterfaceOrientationPortraitUpsideDown";
				LD_RUNPATH_SEARCH_PATHS = (
					"$(inherited)",
					"@executable_path/Frameworks",
				);
				MARKETING_VERSION = 1.0;
				PRODUCT_BUNDLE_IDENTIFIER = com.phillyh.RxSwiftMovieAPI;
				PRODUCT_NAME = "$(TARGET_NAME)";
				SUPPORTED_PLATFORMS = "iphoneos iphonesimulator";
				SUPPORTS_MACCATALYST = NO;
				SUPPORTS_MAC_DESIGNED_FOR_IPHONE_IPAD = NO;
				SWIFT_EMIT_LOC_STRINGS = YES;
				SWIFT_VERSION = 5.0;
				TARGETED_DEVICE_FAMILY = 1;
			};
			name = Release;
		};
/* End XCBuildConfiguration section */

/* Begin XCConfigurationList section */
		218EE5C52AF8DC610098F137 /* Build configuration list for PBXProject "RxSwiftMovieAPI" */ = {
			isa = XCConfigurationList;
			buildConfigurations = (
				218EE5DC2AF8DC630098F137 /* Debug */,
				218EE5DD2AF8DC630098F137 /* Release */,
			);
			defaultConfigurationIsVisible = 0;
			defaultConfigurationName = Release;
		};
		218EE5DE2AF8DC630098F137 /* Build configuration list for PBXNativeTarget "RxSwiftMovieAPI" */ = {
			isa = XCConfigurationList;
			buildConfigurations = (
				218EE5DF2AF8DC630098F137 /* Debug */,
				218EE5E02AF8DC630098F137 /* Release */,
			);
			defaultConfigurationIsVisible = 0;
			defaultConfigurationName = Release;
		};
/* End XCConfigurationList section */

/* Begin XCRemoteSwiftPackageReference section */
		218EE5E32AF91F410098F137 /* XCRemoteSwiftPackageReference "RxSwift" */ = {
			isa = XCRemoteSwiftPackageReference;
			repositoryURL = "https://github.com/ReactiveX/RxSwift";
			requirement = {
				kind = upToNextMajorVersion;
				minimumVersion = 6.6.0;
			};
		};
		218EE5E82AF91F510098F137 /* XCRemoteSwiftPackageReference "SnapKit" */ = {
			isa = XCRemoteSwiftPackageReference;
			repositoryURL = "https://github.com/SnapKit/SnapKit";
			requirement = {
				kind = upToNextMajorVersion;
				minimumVersion = 5.6.0;
			};
		};
/* End XCRemoteSwiftPackageReference section */

/* Begin XCSwiftPackageProductDependency section */
		218EE5E42AF91F410098F137 /* RxCocoa */ = {
			isa = XCSwiftPackageProductDependency;
			package = 218EE5E32AF91F410098F137 /* XCRemoteSwiftPackageReference "RxSwift" */;
			productName = RxCocoa;
		};
		218EE5E62AF91F410098F137 /* RxSwift */ = {
			isa = XCSwiftPackageProductDependency;
			package = 218EE5E32AF91F410098F137 /* XCRemoteSwiftPackageReference "RxSwift" */;
			productName = RxSwift;
		};
		218EE5E92AF91F510098F137 /* SnapKit */ = {
			isa = XCSwiftPackageProductDependency;
			package = 218EE5E82AF91F510098F137 /* XCRemoteSwiftPackageReference "SnapKit" */;
			productName = SnapKit;
		};
/* End XCSwiftPackageProductDependency section */
	};
	rootObject = 218EE5C22AF8DC610098F137 /* Project object */;
}
