// !$*UTF8*$!
{
	archiveVersion = 1;
	classes = {
	};
	objectVersion = 56;
	objects = {

/* Begin PBXBuildFile section */
		216DC5802AF6B82D00ACBB96 /* AppDelegate.swift in Sources */ = {isa = PBXBuildFile; fileRef = 216DC57F2AF6B82D00ACBB96 /* AppDelegate.swift */; };
		216DC5822AF6B82D00ACBB96 /* SceneDelegate.swift in Sources */ = {isa = PBXBuildFile; fileRef = 216DC5812AF6B82D00ACBB96 /* SceneDelegate.swift */; };
		216DC5842AF6B82D00ACBB96 /* ShoppingMainViewController.swift in Sources */ = {isa = PBXBuildFile; fileRef = 216DC5832AF6B82D00ACBB96 /* ShoppingMainViewController.swift */; };
		216DC5892AF6B82F00ACBB96 /* Assets.xcassets in Resources */ = {isa = PBXBuildFile; fileRef = 216DC5882AF6B82F00ACBB96 /* Assets.xcassets */; };
		216DC58C2AF6B82F00ACBB96 /* LaunchScreen.storyboard in Resources */ = {isa = PBXBuildFile; fileRef = 216DC58A2AF6B82F00ACBB96 /* LaunchScreen.storyboard */; };
		216DC5952AF6B8E600ACBB96 /* RxCocoa in Frameworks */ = {isa = PBXBuildFile; productRef = 216DC5942AF6B8E600ACBB96 /* RxCocoa */; };
		216DC5972AF6B8E600ACBB96 /* RxSwift in Frameworks */ = {isa = PBXBuildFile; productRef = 216DC5962AF6B8E600ACBB96 /* RxSwift */; };
		216DC59A2AF6B8FA00ACBB96 /* SnapKit in Frameworks */ = {isa = PBXBuildFile; productRef = 216DC5992AF6B8FA00ACBB96 /* SnapKit */; };
		216DC59C2AF6BDE100ACBB96 /* ShoppingMainViewModel.swift in Sources */ = {isa = PBXBuildFile; fileRef = 216DC59B2AF6BDE100ACBB96 /* ShoppingMainViewModel.swift */; };
		216DC59E2AF6C0A400ACBB96 /* ShoppingListCell.swift in Sources */ = {isa = PBXBuildFile; fileRef = 216DC59D2AF6C0A400ACBB96 /* ShoppingListCell.swift */; };
		21AB14BA2AF77B8F00F2EE68 /* SamplePushViewController.swift in Sources */ = {isa = PBXBuildFile; fileRef = 21AB14B92AF77B8F00F2EE68 /* SamplePushViewController.swift */; };
/* End PBXBuildFile section */

/* Begin PBXFileReference section */
		216DC57C2AF6B82D00ACBB96 /* ShoppingListWithRX.app */ = {isa = PBXFileReference; explicitFileType = wrapper.application; includeInIndex = 0; path = ShoppingListWithRX.app; sourceTree = BUILT_PRODUCTS_DIR; };
		216DC57F2AF6B82D00ACBB96 /* AppDelegate.swift */ = {isa = PBXFileReference; lastKnownFileType = sourcecode.swift; path = AppDelegate.swift; sourceTree = "<group>"; };
		216DC5812AF6B82D00ACBB96 /* SceneDelegate.swift */ = {isa = PBXFileReference; lastKnownFileType = sourcecode.swift; path = SceneDelegate.swift; sourceTree = "<group>"; };
		216DC5832AF6B82D00ACBB96 /* ShoppingMainViewController.swift */ = {isa = PBXFileReference; lastKnownFileType = sourcecode.swift; path = ShoppingMainViewController.swift; sourceTree = "<group>"; };
		216DC5882AF6B82F00ACBB96 /* Assets.xcassets */ = {isa = PBXFileReference; lastKnownFileType = folder.assetcatalog; path = Assets.xcassets; sourceTree = "<group>"; };
		216DC58B2AF6B82F00ACBB96 /* Base */ = {isa = PBXFileReference; lastKnownFileType = file.storyboard; name = Base; path = Base.lproj/LaunchScreen.storyboard; sourceTree = "<group>"; };
		216DC58D2AF6B82F00ACBB96 /* Info.plist */ = {isa = PBXFileReference; lastKnownFileType = text.plist.xml; path = Info.plist; sourceTree = "<group>"; };
		216DC59B2AF6BDE100ACBB96 /* ShoppingMainViewModel.swift */ = {isa = PBXFileReference; lastKnownFileType = sourcecode.swift; path = ShoppingMainViewModel.swift; sourceTree = "<group>"; };
		216DC59D2AF6C0A400ACBB96 /* ShoppingListCell.swift */ = {isa = PBXFileReference; lastKnownFileType = sourcecode.swift; path = ShoppingListCell.swift; sourceTree = "<group>"; };
		21AB14B92AF77B8F00F2EE68 /* SamplePushViewController.swift */ = {isa = PBXFileReference; lastKnownFileType = sourcecode.swift; path = SamplePushViewController.swift; sourceTree = "<group>"; };
/* End PBXFileReference section */

/* Begin PBXFrameworksBuildPhase section */
		216DC5792AF6B82D00ACBB96 /* Frameworks */ = {
			isa = PBXFrameworksBuildPhase;
			buildActionMask = 2147483647;
			files = (
				216DC59A2AF6B8FA00ACBB96 /* SnapKit in Frameworks */,
				216DC5972AF6B8E600ACBB96 /* RxSwift in Frameworks */,
				216DC5952AF6B8E600ACBB96 /* RxCocoa in Frameworks */,
			);
			runOnlyForDeploymentPostprocessing = 0;
		};
/* End PBXFrameworksBuildPhase section */

/* Begin PBXGroup section */
		216DC5732AF6B82D00ACBB96 = {
			isa = PBXGroup;
			children = (
				216DC57E2AF6B82D00ACBB96 /* ShoppingListWithRX */,
				216DC57D2AF6B82D00ACBB96 /* Products */,
			);
			sourceTree = "<group>";
		};
		216DC57D2AF6B82D00ACBB96 /* Products */ = {
			isa = PBXGroup;
			children = (
				216DC57C2AF6B82D00ACBB96 /* ShoppingListWithRX.app */,
			);
			name = Products;
			sourceTree = "<group>";
		};
		216DC57E2AF6B82D00ACBB96 /* ShoppingListWithRX */ = {
			isa = PBXGroup;
			children = (
				216DC57F2AF6B82D00ACBB96 /* AppDelegate.swift */,
				216DC5812AF6B82D00ACBB96 /* SceneDelegate.swift */,
				216DC59D2AF6C0A400ACBB96 /* ShoppingListCell.swift */,
				216DC59B2AF6BDE100ACBB96 /* ShoppingMainViewModel.swift */,
				216DC5832AF6B82D00ACBB96 /* ShoppingMainViewController.swift */,
				21AB14B92AF77B8F00F2EE68 /* SamplePushViewController.swift */,
				216DC5882AF6B82F00ACBB96 /* Assets.xcassets */,
				216DC58A2AF6B82F00ACBB96 /* LaunchScreen.storyboard */,
				216DC58D2AF6B82F00ACBB96 /* Info.plist */,
			);
			path = ShoppingListWithRX;
			sourceTree = "<group>";
		};
/* End PBXGroup section */

/* Begin PBXNativeTarget section */
		216DC57B2AF6B82D00ACBB96 /* ShoppingListWithRX */ = {
			isa = PBXNativeTarget;
			buildConfigurationList = 216DC5902AF6B82F00ACBB96 /* Build configuration list for PBXNativeTarget "ShoppingListWithRX" */;
			buildPhases = (
				216DC5782AF6B82D00ACBB96 /* Sources */,
				216DC5792AF6B82D00ACBB96 /* Frameworks */,
				216DC57A2AF6B82D00ACBB96 /* Resources */,
			);
			buildRules = (
			);
			dependencies = (
			);
			name = ShoppingListWithRX;
			packageProductDependencies = (
				216DC5942AF6B8E600ACBB96 /* RxCocoa */,
				216DC5962AF6B8E600ACBB96 /* RxSwift */,
				216DC5992AF6B8FA00ACBB96 /* SnapKit */,
			);
			productName = ShoppingListWithRX;
			productReference = 216DC57C2AF6B82D00ACBB96 /* ShoppingListWithRX.app */;
			productType = "com.apple.product-type.application";
		};
/* End PBXNativeTarget section */

/* Begin PBXProject section */
		216DC5742AF6B82D00ACBB96 /* Project object */ = {
			isa = PBXProject;
			attributes = {
				BuildIndependentTargetsInParallel = 1;
				LastSwiftUpdateCheck = 1500;
				LastUpgradeCheck = 1500;
				TargetAttributes = {
					216DC57B2AF6B82D00ACBB96 = {
						CreatedOnToolsVersion = 15.0.1;
					};
				};
			};
			buildConfigurationList = 216DC5772AF6B82D00ACBB96 /* Build configuration list for PBXProject "ShoppingListWithRX" */;
			compatibilityVersion = "Xcode 14.0";
			developmentRegion = en;
			hasScannedForEncodings = 0;
			knownRegions = (
				en,
				Base,
			);
			mainGroup = 216DC5732AF6B82D00ACBB96;
			packageReferences = (
				216DC5932AF6B8E600ACBB96 /* XCRemoteSwiftPackageReference "RxSwift" */,
				216DC5982AF6B8FA00ACBB96 /* XCRemoteSwiftPackageReference "SnapKit" */,
			);
			productRefGroup = 216DC57D2AF6B82D00ACBB96 /* Products */;
			projectDirPath = "";
			projectRoot = "";
			targets = (
				216DC57B2AF6B82D00ACBB96 /* ShoppingListWithRX */,
			);
		};
/* End PBXProject section */

/* Begin PBXResourcesBuildPhase section */
		216DC57A2AF6B82D00ACBB96 /* Resources */ = {
			isa = PBXResourcesBuildPhase;
			buildActionMask = 2147483647;
			files = (
				216DC58C2AF6B82F00ACBB96 /* LaunchScreen.storyboard in Resources */,
				216DC5892AF6B82F00ACBB96 /* Assets.xcassets in Resources */,
			);
			runOnlyForDeploymentPostprocessing = 0;
		};
/* End PBXResourcesBuildPhase section */

/* Begin PBXSourcesBuildPhase section */
		216DC5782AF6B82D00ACBB96 /* Sources */ = {
			isa = PBXSourcesBuildPhase;
			buildActionMask = 2147483647;
			files = (
				216DC5842AF6B82D00ACBB96 /* ShoppingMainViewController.swift in Sources */,
				216DC5802AF6B82D00ACBB96 /* AppDelegate.swift in Sources */,
				216DC5822AF6B82D00ACBB96 /* SceneDelegate.swift in Sources */,
				216DC59C2AF6BDE100ACBB96 /* ShoppingMainViewModel.swift in Sources */,
				21AB14BA2AF77B8F00F2EE68 /* SamplePushViewController.swift in Sources */,
				216DC59E2AF6C0A400ACBB96 /* ShoppingListCell.swift in Sources */,
			);
			runOnlyForDeploymentPostprocessing = 0;
		};
/* End PBXSourcesBuildPhase section */

/* Begin PBXVariantGroup section */
		216DC58A2AF6B82F00ACBB96 /* LaunchScreen.storyboard */ = {
			isa = PBXVariantGroup;
			children = (
				216DC58B2AF6B82F00ACBB96 /* Base */,
			);
			name = LaunchScreen.storyboard;
			sourceTree = "<group>";
		};
/* End PBXVariantGroup section */

/* Begin XCBuildConfiguration section */
		216DC58E2AF6B82F00ACBB96 /* Debug */ = {
			isa = XCBuildConfiguration;
			buildSettings = {
				ALWAYS_SEARCH_USER_PATHS = NO;
				ASSETCATALOG_COMPILER_GENERATE_SWIFT_ASSET_SYMBOL_EXTENSIONS = YES;
				CLANG_ANALYZER_NONNULL = YES;
				CLANG_ANALYZER_NUMBER_OBJECT_CONVERSION = YES_AGGRESSIVE;
				CLANG_CXX_LANGUAGE_STANDARD = "gnu++20";
				CLANG_ENABLE_MODULES = YES;
				CLANG_ENABLE_OBJC_ARC = YES;
				CLANG_ENABLE_OBJC_WEAK = YES;
				CLANG_WARN_BLOCK_CAPTURE_AUTORELEASING = YES;
				CLANG_WARN_BOOL_CONVERSION = YES;
				CLANG_WARN_COMMA = YES;
				CLANG_WARN_CONSTANT_CONVERSION = YES;
				CLANG_WARN_DEPRECATED_OBJC_IMPLEMENTATIONS = YES;
				CLANG_WARN_DIRECT_OBJC_ISA_USAGE = YES_ERROR;
				CLANG_WARN_DOCUMENTATION_COMMENTS = YES;
				CLANG_WARN_EMPTY_BODY = YES;
				CLANG_WARN_ENUM_CONVERSION = YES;
				CLANG_WARN_INFINITE_RECURSION = YES;
				CLANG_WARN_INT_CONVERSION = YES;
				CLANG_WARN_NON_LITERAL_NULL_CONVERSION = YES;
				CLANG_WARN_OBJC_IMPLICIT_RETAIN_SELF = YES;
				CLANG_WARN_OBJC_LITERAL_CONVERSION = YES;
				CLANG_WARN_OBJC_ROOT_CLASS = YES_ERROR;
				CLANG_WARN_QUOTED_INCLUDE_IN_FRAMEWORK_HEADER = YES;
				CLANG_WARN_RANGE_LOOP_ANALYSIS = YES;
				CLANG_WARN_STRICT_PROTOTYPES = YES;
				CLANG_WARN_SUSPICIOUS_MOVE = YES;
				CLANG_WARN_UNGUARDED_AVAILABILITY = YES_AGGRESSIVE;
				CLANG_WARN_UNREACHABLE_CODE = YES;
				CLANG_WARN__DUPLICATE_METHOD_MATCH = YES;
				COPY_PHASE_STRIP = NO;
				DEBUG_INFORMATION_FORMAT = dwarf;
				ENABLE_STRICT_OBJC_MSGSEND = YES;
				ENABLE_TESTABILITY = YES;
				ENABLE_USER_SCRIPT_SANDBOXING = YES;
				GCC_C_LANGUAGE_STANDARD = gnu17;
				GCC_DYNAMIC_NO_PIC = NO;
				GCC_NO_COMMON_BLOCKS = YES;
				GCC_OPTIMIZATION_LEVEL = 0;
				GCC_PREPROCESSOR_DEFINITIONS = (
					"DEBUG=1",
					"$(inherited)",
				);
				GCC_WARN_64_TO_32_BIT_CONVERSION = YES;
				GCC_WARN_ABOUT_RETURN_TYPE = YES_ERROR;
				GCC_WARN_UNDECLARED_SELECTOR = YES;
				GCC_WARN_UNINITIALIZED_AUTOS = YES_AGGRESSIVE;
				GCC_WARN_UNUSED_FUNCTION = YES;
				GCC_WARN_UNUSED_VARIABLE = YES;
				IPHONEOS_DEPLOYMENT_TARGET = 17.0;
				LOCALIZATION_PREFERS_STRING_CATALOGS = YES;
				MTL_ENABLE_DEBUG_INFO = INCLUDE_SOURCE;
				MTL_FAST_MATH = YES;
				ONLY_ACTIVE_ARCH = YES;
				SDKROOT = iphoneos;
				SWIFT_ACTIVE_COMPILATION_CONDITIONS = "DEBUG $(inherited)";
				SWIFT_OPTIMIZATION_LEVEL = "-Onone";
			};
			name = Debug;
		};
		216DC58F2AF6B82F00ACBB96 /* Release */ = {
			isa = XCBuildConfiguration;
			buildSettings = {
				ALWAYS_SEARCH_USER_PATHS = NO;
				ASSETCATALOG_COMPILER_GENERATE_SWIFT_ASSET_SYMBOL_EXTENSIONS = YES;
				CLANG_ANALYZER_NONNULL = YES;
				CLANG_ANALYZER_NUMBER_OBJECT_CONVERSION = YES_AGGRESSIVE;
				CLANG_CXX_LANGUAGE_STANDARD = "gnu++20";
				CLANG_ENABLE_MODULES = YES;
				CLANG_ENABLE_OBJC_ARC = YES;
				CLANG_ENABLE_OBJC_WEAK = YES;
				CLANG_WARN_BLOCK_CAPTURE_AUTORELEASING = YES;
				CLANG_WARN_BOOL_CONVERSION = YES;
				CLANG_WARN_COMMA = YES;
				CLANG_WARN_CONSTANT_CONVERSION = YES;
				CLANG_WARN_DEPRECATED_OBJC_IMPLEMENTATIONS = YES;
				CLANG_WARN_DIRECT_OBJC_ISA_USAGE = YES_ERROR;
				CLANG_WARN_DOCUMENTATION_COMMENTS = YES;
				CLANG_WARN_EMPTY_BODY = YES;
				CLANG_WARN_ENUM_CONVERSION = YES;
				CLANG_WARN_INFINITE_RECURSION = YES;
				CLANG_WARN_INT_CONVERSION = YES;
				CLANG_WARN_NON_LITERAL_NULL_CONVERSION = YES;
				CLANG_WARN_OBJC_IMPLICIT_RETAIN_SELF = YES;
				CLANG_WARN_OBJC_LITERAL_CONVERSION = YES;
				CLANG_WARN_OBJC_ROOT_CLASS = YES_ERROR;
				CLANG_WARN_QUOTED_INCLUDE_IN_FRAMEWORK_HEADER = YES;
				CLANG_WARN_RANGE_LOOP_ANALYSIS = YES;
				CLANG_WARN_STRICT_PROTOTYPES = YES;
				CLANG_WARN_SUSPICIOUS_MOVE = YES;
				CLANG_WARN_UNGUARDED_AVAILABILITY = YES_AGGRESSIVE;
				CLANG_WARN_UNREACHABLE_CODE = YES;
				CLANG_WARN__DUPLICATE_METHOD_MATCH = YES;
				COPY_PHASE_STRIP = NO;
				DEBUG_INFORMATION_FORMAT = "dwarf-with-dsym";
				ENABLE_NS_ASSERTIONS = NO;
				ENABLE_STRICT_OBJC_MSGSEND = YES;
				ENABLE_USER_SCRIPT_SANDBOXING = YES;
				GCC_C_LANGUAGE_STANDARD = gnu17;
				GCC_NO_COMMON_BLOCKS = YES;
				GCC_WARN_64_TO_32_BIT_CONVERSION = YES;
				GCC_WARN_ABOUT_RETURN_TYPE = YES_ERROR;
				GCC_WARN_UNDECLARED_SELECTOR = YES;
				GCC_WARN_UNINITIALIZED_AUTOS = YES_AGGRESSIVE;
				GCC_WARN_UNUSED_FUNCTION = YES;
				GCC_WARN_UNUSED_VARIABLE = YES;
				IPHONEOS_DEPLOYMENT_TARGET = 17.0;
				LOCALIZATION_PREFERS_STRING_CATALOGS = YES;
				MTL_ENABLE_DEBUG_INFO = NO;
				MTL_FAST_MATH = YES;
				SDKROOT = iphoneos;
				SWIFT_COMPILATION_MODE = wholemodule;
				VALIDATE_PRODUCT = YES;
			};
			name = Release;
		};
		216DC5912AF6B82F00ACBB96 /* Debug */ = {
			isa = XCBuildConfiguration;
			buildSettings = {
				ASSETCATALOG_COMPILER_APPICON_NAME = AppIcon;
				ASSETCATALOG_COMPILER_GLOBAL_ACCENT_COLOR_NAME = AccentColor;
				CODE_SIGN_STYLE = Automatic;
				CURRENT_PROJECT_VERSION = 1;
				GENERATE_INFOPLIST_FILE = YES;
				INFOPLIST_FILE = ShoppingListWithRX/Info.plist;
				INFOPLIST_KEY_UIApplicationSupportsIndirectInputEvents = YES;
				INFOPLIST_KEY_UILaunchStoryboardName = LaunchScreen;
				INFOPLIST_KEY_UISupportedInterfaceOrientations = UIInterfaceOrientationPortrait;
				INFOPLIST_KEY_UISupportedInterfaceOrientations_iPad = "UIInterfaceOrientationLandscapeLeft UIInterfaceOrientationLandscapeRight UIInterfaceOrientationPortrait UIInterfaceOrientationPortraitUpsideDown";
				LD_RUNPATH_SEARCH_PATHS = (
					"$(inherited)",
					"@executable_path/Frameworks",
				);
				MARKETING_VERSION = 1.0;
				PRODUCT_BUNDLE_IDENTIFIER = com.phillyh.ShoppingListWithRX;
				PRODUCT_NAME = "$(TARGET_NAME)";
				SUPPORTED_PLATFORMS = "iphoneos iphonesimulator";
				SUPPORTS_MACCATALYST = NO;
				SUPPORTS_MAC_DESIGNED_FOR_IPHONE_IPAD = NO;
				SWIFT_EMIT_LOC_STRINGS = YES;
				SWIFT_VERSION = 5.0;
				TARGETED_DEVICE_FAMILY = 1;
			};
			name = Debug;
		};
		216DC5922AF6B82F00ACBB96 /* Release */ = {
			isa = XCBuildConfiguration;
			buildSettings = {
				ASSETCATALOG_COMPILER_APPICON_NAME = AppIcon;
				ASSETCATALOG_COMPILER_GLOBAL_ACCENT_COLOR_NAME = AccentColor;
				CODE_SIGN_STYLE = Automatic;
				CURRENT_PROJECT_VERSION = 1;
				GENERATE_INFOPLIST_FILE = YES;
				INFOPLIST_FILE = ShoppingListWithRX/Info.plist;
				INFOPLIST_KEY_UIApplicationSupportsIndirectInputEvents = YES;
				INFOPLIST_KEY_UILaunchStoryboardName = LaunchScreen;
				INFOPLIST_KEY_UISupportedInterfaceOrientations = UIInterfaceOrientationPortrait;
				INFOPLIST_KEY_UISupportedInterfaceOrientations_iPad = "UIInterfaceOrientationLandscapeLeft UIInterfaceOrientationLandscapeRight UIInterfaceOrientationPortrait UIInterfaceOrientationPortraitUpsideDown";
				LD_RUNPATH_SEARCH_PATHS = (
					"$(inherited)",
					"@executable_path/Frameworks",
				);
				MARKETING_VERSION = 1.0;
				PRODUCT_BUNDLE_IDENTIFIER = com.phillyh.ShoppingListWithRX;
				PRODUCT_NAME = "$(TARGET_NAME)";
				SUPPORTED_PLATFORMS = "iphoneos iphonesimulator";
				SUPPORTS_MACCATALYST = NO;
				SUPPORTS_MAC_DESIGNED_FOR_IPHONE_IPAD = NO;
				SWIFT_EMIT_LOC_STRINGS = YES;
				SWIFT_VERSION = 5.0;
				TARGETED_DEVICE_FAMILY = 1;
			};
			name = Release;
		};
/* End XCBuildConfiguration section */

/* Begin XCConfigurationList section */
		216DC5772AF6B82D00ACBB96 /* Build configuration list for PBXProject "ShoppingListWithRX" */ = {
			isa = XCConfigurationList;
			buildConfigurations = (
				216DC58E2AF6B82F00ACBB96 /* Debug */,
				216DC58F2AF6B82F00ACBB96 /* Release */,
			);
			defaultConfigurationIsVisible = 0;
			defaultConfigurationName = Release;
		};
		216DC5902AF6B82F00ACBB96 /* Build configuration list for PBXNativeTarget "ShoppingListWithRX" */ = {
			isa = XCConfigurationList;
			buildConfigurations = (
				216DC5912AF6B82F00ACBB96 /* Debug */,
				216DC5922AF6B82F00ACBB96 /* Release */,
			);
			defaultConfigurationIsVisible = 0;
			defaultConfigurationName = Release;
		};
/* End XCConfigurationList section */

/* Begin XCRemoteSwiftPackageReference section */
		216DC5932AF6B8E600ACBB96 /* XCRemoteSwiftPackageReference "RxSwift" */ = {
			isa = XCRemoteSwiftPackageReference;
			repositoryURL = "https://github.com/ReactiveX/RxSwift";
			requirement = {
				kind = upToNextMajorVersion;
				minimumVersion = 6.6.0;
			};
		};
		216DC5982AF6B8FA00ACBB96 /* XCRemoteSwiftPackageReference "SnapKit" */ = {
			isa = XCRemoteSwiftPackageReference;
			repositoryURL = "https://github.com/SnapKit/SnapKit";
			requirement = {
				kind = upToNextMajorVersion;
				minimumVersion = 5.6.0;
			};
		};
/* End XCRemoteSwiftPackageReference section */

/* Begin XCSwiftPackageProductDependency section */
		216DC5942AF6B8E600ACBB96 /* RxCocoa */ = {
			isa = XCSwiftPackageProductDependency;
			package = 216DC5932AF6B8E600ACBB96 /* XCRemoteSwiftPackageReference "RxSwift" */;
			productName = RxCocoa;
		};
		216DC5962AF6B8E600ACBB96 /* RxSwift */ = {
			isa = XCSwiftPackageProductDependency;
			package = 216DC5932AF6B8E600ACBB96 /* XCRemoteSwiftPackageReference "RxSwift" */;
			productName = RxSwift;
		};
		216DC5992AF6B8FA00ACBB96 /* SnapKit */ = {
			isa = XCSwiftPackageProductDependency;
			package = 216DC5982AF6B8FA00ACBB96 /* XCRemoteSwiftPackageReference "SnapKit" */;
			productName = SnapKit;
		};
/* End XCSwiftPackageProductDependency section */
	};
	rootObject = 216DC5742AF6B82D00ACBB96 /* Project object */;
}
