// !$*UTF8*$!
{
	archiveVersion = 1;
	classes = {
	};
	objectVersion = 56;
	objects = {

/* Begin PBXBuildFile section */
		216BA0CD2A822257008A54A5 /* BeerListViewController.swift in Sources */ = {isa = PBXBuildFile; fileRef = 216BA0CC2A822257008A54A5 /* BeerListViewController.swift */; };
		216BA0D22A8222BC008A54A5 /* BeerTableViewCell.swift in Sources */ = {isa = PBXBuildFile; fileRef = 216BA0D02A8222BC008A54A5 /* BeerTableViewCell.swift */; };
		216BA0D32A8222BC008A54A5 /* BeerTableViewCell.xib in Resources */ = {isa = PBXBuildFile; fileRef = 216BA0D12A8222BC008A54A5 /* BeerTableViewCell.xib */; };
		216BA0D52A8225D2008A54A5 /* Beer.swift in Sources */ = {isa = PBXBuildFile; fileRef = 216BA0D42A8225D2008A54A5 /* Beer.swift */; };
		217C5AAA2AB1DAFD001FA281 /* LotteryViewModel.swift in Sources */ = {isa = PBXBuildFile; fileRef = 217C5AA92AB1DAFD001FA281 /* LotteryViewModel.swift */; };
		217C5AAC2AB1DB45001FA281 /* Observable.swift in Sources */ = {isa = PBXBuildFile; fileRef = 217C5AAB2AB1DB45001FA281 /* Observable.swift */; };
		217C5AAE2AB1DF05001FA281 /* NetworkManager.swift in Sources */ = {isa = PBXBuildFile; fileRef = 217C5AAD2AB1DF05001FA281 /* NetworkManager.swift */; };
		217C5AB02AB1DF47001FA281 /* LottoStruct.swift in Sources */ = {isa = PBXBuildFile; fileRef = 217C5AAF2AB1DF47001FA281 /* LottoStruct.swift */; };
		21BF250B2A80CCE900480396 /* AppDelegate.swift in Sources */ = {isa = PBXBuildFile; fileRef = 21BF250A2A80CCE900480396 /* AppDelegate.swift */; };
		21BF250D2A80CCE900480396 /* SceneDelegate.swift in Sources */ = {isa = PBXBuildFile; fileRef = 21BF250C2A80CCE900480396 /* SceneDelegate.swift */; };
		21BF250F2A80CCE900480396 /* BeerViewController.swift in Sources */ = {isa = PBXBuildFile; fileRef = 21BF250E2A80CCE900480396 /* BeerViewController.swift */; };
		21BF25122A80CCE900480396 /* Main.storyboard in Resources */ = {isa = PBXBuildFile; fileRef = 21BF25102A80CCE900480396 /* Main.storyboard */; };
		21BF25142A80CCEB00480396 /* Assets.xcassets in Resources */ = {isa = PBXBuildFile; fileRef = 21BF25132A80CCEB00480396 /* Assets.xcassets */; };
		21BF25172A80CCEB00480396 /* LaunchScreen.storyboard in Resources */ = {isa = PBXBuildFile; fileRef = 21BF25152A80CCEB00480396 /* LaunchScreen.storyboard */; };
		21BF251F2A80CD3400480396 /* LotteryViewController.swift in Sources */ = {isa = PBXBuildFile; fileRef = 21BF251E2A80CD3400480396 /* LotteryViewController.swift */; };
		21BF25222A80CD8E00480396 /* Alamofire in Frameworks */ = {isa = PBXBuildFile; productRef = 21BF25212A80CD8E00480396 /* Alamofire */; };
		21BF25252A80CDA300480396 /* SwiftyJSON in Frameworks */ = {isa = PBXBuildFile; productRef = 21BF25242A80CDA300480396 /* SwiftyJSON */; };
		21BF25282A80CDC700480396 /* Kingfisher in Frameworks */ = {isa = PBXBuildFile; productRef = 21BF25272A80CDC700480396 /* Kingfisher */; };
/* End PBXBuildFile section */

/* Begin PBXFileReference section */
		216BA0CC2A822257008A54A5 /* BeerListViewController.swift */ = {isa = PBXFileReference; lastKnownFileType = sourcecode.swift; path = BeerListViewController.swift; sourceTree = "<group>"; };
		216BA0D02A8222BC008A54A5 /* BeerTableViewCell.swift */ = {isa = PBXFileReference; lastKnownFileType = sourcecode.swift; path = BeerTableViewCell.swift; sourceTree = "<group>"; };
		216BA0D12A8222BC008A54A5 /* BeerTableViewCell.xib */ = {isa = PBXFileReference; lastKnownFileType = file.xib; path = BeerTableViewCell.xib; sourceTree = "<group>"; };
		216BA0D42A8225D2008A54A5 /* Beer.swift */ = {isa = PBXFileReference; lastKnownFileType = sourcecode.swift; path = Beer.swift; sourceTree = "<group>"; };
		217C5AA92AB1DAFD001FA281 /* LotteryViewModel.swift */ = {isa = PBXFileReference; lastKnownFileType = sourcecode.swift; path = LotteryViewModel.swift; sourceTree = "<group>"; };
		217C5AAB2AB1DB45001FA281 /* Observable.swift */ = {isa = PBXFileReference; lastKnownFileType = sourcecode.swift; path = Observable.swift; sourceTree = "<group>"; };
		217C5AAD2AB1DF05001FA281 /* NetworkManager.swift */ = {isa = PBXFileReference; lastKnownFileType = sourcecode.swift; path = NetworkManager.swift; sourceTree = "<group>"; };
		217C5AAF2AB1DF47001FA281 /* LottoStruct.swift */ = {isa = PBXFileReference; lastKnownFileType = sourcecode.swift; path = LottoStruct.swift; sourceTree = "<group>"; };
		21BF25072A80CCE900480396 /* BeerAndLotteryAPI.app */ = {isa = PBXFileReference; explicitFileType = wrapper.application; includeInIndex = 0; path = BeerAndLotteryAPI.app; sourceTree = BUILT_PRODUCTS_DIR; };
		21BF250A2A80CCE900480396 /* AppDelegate.swift */ = {isa = PBXFileReference; lastKnownFileType = sourcecode.swift; path = AppDelegate.swift; sourceTree = "<group>"; };
		21BF250C2A80CCE900480396 /* SceneDelegate.swift */ = {isa = PBXFileReference; lastKnownFileType = sourcecode.swift; path = SceneDelegate.swift; sourceTree = "<group>"; };
		21BF250E2A80CCE900480396 /* BeerViewController.swift */ = {isa = PBXFileReference; lastKnownFileType = sourcecode.swift; path = BeerViewController.swift; sourceTree = "<group>"; };
		21BF25112A80CCE900480396 /* Base */ = {isa = PBXFileReference; lastKnownFileType = file.storyboard; name = Base; path = Base.lproj/Main.storyboard; sourceTree = "<group>"; };
		21BF25132A80CCEB00480396 /* Assets.xcassets */ = {isa = PBXFileReference; lastKnownFileType = folder.assetcatalog; path = Assets.xcassets; sourceTree = "<group>"; };
		21BF25162A80CCEB00480396 /* Base */ = {isa = PBXFileReference; lastKnownFileType = file.storyboard; name = Base; path = Base.lproj/LaunchScreen.storyboard; sourceTree = "<group>"; };
		21BF25182A80CCEB00480396 /* Info.plist */ = {isa = PBXFileReference; lastKnownFileType = text.plist.xml; path = Info.plist; sourceTree = "<group>"; };
		21BF251E2A80CD3400480396 /* LotteryViewController.swift */ = {isa = PBXFileReference; lastKnownFileType = sourcecode.swift; path = LotteryViewController.swift; sourceTree = "<group>"; };
/* End PBXFileReference section */

/* Begin PBXFrameworksBuildPhase section */
		21BF25042A80CCE900480396 /* Frameworks */ = {
			isa = PBXFrameworksBuildPhase;
			buildActionMask = 2147483647;
			files = (
				21BF25282A80CDC700480396 /* Kingfisher in Frameworks */,
				21BF25252A80CDA300480396 /* SwiftyJSON in Frameworks */,
				21BF25222A80CD8E00480396 /* Alamofire in Frameworks */,
			);
			runOnlyForDeploymentPostprocessing = 0;
		};
/* End PBXFrameworksBuildPhase section */

/* Begin PBXGroup section */
		216BA0D62A8225DC008A54A5 /* BeerList */ = {
			isa = PBXGroup;
			children = (
				216BA0D42A8225D2008A54A5 /* Beer.swift */,
				216BA0D02A8222BC008A54A5 /* BeerTableViewCell.swift */,
				216BA0D12A8222BC008A54A5 /* BeerTableViewCell.xib */,
				216BA0CC2A822257008A54A5 /* BeerListViewController.swift */,
			);
			path = BeerList;
			sourceTree = "<group>";
		};
		217C5AA82AB1DADC001FA281 /* Lotto */ = {
			isa = PBXGroup;
			children = (
				217C5AAF2AB1DF47001FA281 /* LottoStruct.swift */,
				217C5AAB2AB1DB45001FA281 /* Observable.swift */,
				217C5AAD2AB1DF05001FA281 /* NetworkManager.swift */,
				217C5AA92AB1DAFD001FA281 /* LotteryViewModel.swift */,
				21BF251E2A80CD3400480396 /* LotteryViewController.swift */,
			);
			path = Lotto;
			sourceTree = "<group>";
		};
		21BF24FE2A80CCE900480396 = {
			isa = PBXGroup;
			children = (
				21BF25092A80CCE900480396 /* BeerAndLotteryAPI */,
				21BF25082A80CCE900480396 /* Products */,
			);
			sourceTree = "<group>";
		};
		21BF25082A80CCE900480396 /* Products */ = {
			isa = PBXGroup;
			children = (
				21BF25072A80CCE900480396 /* BeerAndLotteryAPI.app */,
			);
			name = Products;
			sourceTree = "<group>";
		};
		21BF25092A80CCE900480396 /* BeerAndLotteryAPI */ = {
			isa = PBXGroup;
			children = (
				21BF250A2A80CCE900480396 /* AppDelegate.swift */,
				21BF250C2A80CCE900480396 /* SceneDelegate.swift */,
				216BA0D62A8225DC008A54A5 /* BeerList */,
				21BF250E2A80CCE900480396 /* BeerViewController.swift */,
				217C5AA82AB1DADC001FA281 /* Lotto */,
				21BF25102A80CCE900480396 /* Main.storyboard */,
				21BF25132A80CCEB00480396 /* Assets.xcassets */,
				21BF25152A80CCEB00480396 /* LaunchScreen.storyboard */,
				21BF25182A80CCEB00480396 /* Info.plist */,
			);
			path = BeerAndLotteryAPI;
			sourceTree = "<group>";
		};
/* End PBXGroup section */

/* Begin PBXNativeTarget section */
		21BF25062A80CCE900480396 /* BeerAndLotteryAPI */ = {
			isa = PBXNativeTarget;
			buildConfigurationList = 21BF251B2A80CCEB00480396 /* Build configuration list for PBXNativeTarget "BeerAndLotteryAPI" */;
			buildPhases = (
				21BF25032A80CCE900480396 /* Sources */,
				21BF25042A80CCE900480396 /* Frameworks */,
				21BF25052A80CCE900480396 /* Resources */,
			);
			buildRules = (
			);
			dependencies = (
			);
			name = BeerAndLotteryAPI;
			packageProductDependencies = (
				21BF25212A80CD8E00480396 /* Alamofire */,
				21BF25242A80CDA300480396 /* SwiftyJSON */,
				21BF25272A80CDC700480396 /* Kingfisher */,
			);
			productName = BeerAndLotteryAPI;
			productReference = 21BF25072A80CCE900480396 /* BeerAndLotteryAPI.app */;
			productType = "com.apple.product-type.application";
		};
/* End PBXNativeTarget section */

/* Begin PBXProject section */
		21BF24FF2A80CCE900480396 /* Project object */ = {
			isa = PBXProject;
			attributes = {
				BuildIndependentTargetsInParallel = 1;
				LastSwiftUpdateCheck = 1430;
				LastUpgradeCheck = 1430;
				TargetAttributes = {
					21BF25062A80CCE900480396 = {
						CreatedOnToolsVersion = 14.3.1;
					};
				};
			};
			buildConfigurationList = 21BF25022A80CCE900480396 /* Build configuration list for PBXProject "BeerAndLotteryAPI" */;
			compatibilityVersion = "Xcode 14.0";
			developmentRegion = en;
			hasScannedForEncodings = 0;
			knownRegions = (
				en,
				Base,
			);
			mainGroup = 21BF24FE2A80CCE900480396;
			packageReferences = (
				21BF25202A80CD8E00480396 /* XCRemoteSwiftPackageReference "Alamofire" */,
				21BF25232A80CDA300480396 /* XCRemoteSwiftPackageReference "SwiftyJSON" */,
				21BF25262A80CDC700480396 /* XCRemoteSwiftPackageReference "Kingfisher" */,
			);
			productRefGroup = 21BF25082A80CCE900480396 /* Products */;
			projectDirPath = "";
			projectRoot = "";
			targets = (
				21BF25062A80CCE900480396 /* BeerAndLotteryAPI */,
			);
		};
/* End PBXProject section */

/* Begin PBXResourcesBuildPhase section */
		21BF25052A80CCE900480396 /* Resources */ = {
			isa = PBXResourcesBuildPhase;
			buildActionMask = 2147483647;
			files = (
				21BF25172A80CCEB00480396 /* LaunchScreen.storyboard in Resources */,
				21BF25142A80CCEB00480396 /* Assets.xcassets in Resources */,
				21BF25122A80CCE900480396 /* Main.storyboard in Resources */,
				216BA0D32A8222BC008A54A5 /* BeerTableViewCell.xib in Resources */,
			);
			runOnlyForDeploymentPostprocessing = 0;
		};
/* End PBXResourcesBuildPhase section */

/* Begin PBXSourcesBuildPhase section */
		21BF25032A80CCE900480396 /* Sources */ = {
			isa = PBXSourcesBuildPhase;
			buildActionMask = 2147483647;
			files = (
				217C5AB02AB1DF47001FA281 /* LottoStruct.swift in Sources */,
				217C5AAA2AB1DAFD001FA281 /* LotteryViewModel.swift in Sources */,
				21BF251F2A80CD3400480396 /* LotteryViewController.swift in Sources */,
				217C5AAE2AB1DF05001FA281 /* NetworkManager.swift in Sources */,
				216BA0D22A8222BC008A54A5 /* BeerTableViewCell.swift in Sources */,
				21BF250F2A80CCE900480396 /* BeerViewController.swift in Sources */,
				217C5AAC2AB1DB45001FA281 /* Observable.swift in Sources */,
				216BA0CD2A822257008A54A5 /* BeerListViewController.swift in Sources */,
				21BF250B2A80CCE900480396 /* AppDelegate.swift in Sources */,
				216BA0D52A8225D2008A54A5 /* Beer.swift in Sources */,
				21BF250D2A80CCE900480396 /* SceneDelegate.swift in Sources */,
			);
			runOnlyForDeploymentPostprocessing = 0;
		};
/* End PBXSourcesBuildPhase section */

/* Begin PBXVariantGroup section */
		21BF25102A80CCE900480396 /* Main.storyboard */ = {
			isa = PBXVariantGroup;
			children = (
				21BF25112A80CCE900480396 /* Base */,
			);
			name = Main.storyboard;
			sourceTree = "<group>";
		};
		21BF25152A80CCEB00480396 /* LaunchScreen.storyboard */ = {
			isa = PBXVariantGroup;
			children = (
				21BF25162A80CCEB00480396 /* Base */,
			);
			name = LaunchScreen.storyboard;
			sourceTree = "<group>";
		};
/* End PBXVariantGroup section */

/* Begin XCBuildConfiguration section */
		21BF25192A80CCEB00480396 /* Debug */ = {
			isa = XCBuildConfiguration;
			buildSettings = {
				ALWAYS_SEARCH_USER_PATHS = NO;
				CLANG_ANALYZER_NONNULL = YES;
				CLANG_ANALYZER_NUMBER_OBJECT_CONVERSION = YES_AGGRESSIVE;
				CLANG_CXX_LANGUAGE_STANDARD = "gnu++20";
				CLANG_ENABLE_MODULES = YES;
				CLANG_ENABLE_OBJC_ARC = YES;
				CLANG_ENABLE_OBJC_WEAK = YES;
				CLANG_WARN_BLOCK_CAPTURE_AUTORELEASING = YES;
				CLANG_WARN_BOOL_CONVERSION = YES;
				CLANG_WARN_COMMA = YES;
				CLANG_WARN_CONSTANT_CONVERSION = YES;
				CLANG_WARN_DEPRECATED_OBJC_IMPLEMENTATIONS = YES;
				CLANG_WARN_DIRECT_OBJC_ISA_USAGE = YES_ERROR;
				CLANG_WARN_DOCUMENTATION_COMMENTS = YES;
				CLANG_WARN_EMPTY_BODY = YES;
				CLANG_WARN_ENUM_CONVERSION = YES;
				CLANG_WARN_INFINITE_RECURSION = YES;
				CLANG_WARN_INT_CONVERSION = YES;
				CLANG_WARN_NON_LITERAL_NULL_CONVERSION = YES;
				CLANG_WARN_OBJC_IMPLICIT_RETAIN_SELF = YES;
				CLANG_WARN_OBJC_LITERAL_CONVERSION = YES;
				CLANG_WARN_OBJC_ROOT_CLASS = YES_ERROR;
				CLANG_WARN_QUOTED_INCLUDE_IN_FRAMEWORK_HEADER = YES;
				CLANG_WARN_RANGE_LOOP_ANALYSIS = YES;
				CLANG_WARN_STRICT_PROTOTYPES = YES;
				CLANG_WARN_SUSPICIOUS_MOVE = YES;
				CLANG_WARN_UNGUARDED_AVAILABILITY = YES_AGGRESSIVE;
				CLANG_WARN_UNREACHABLE_CODE = YES;
				CLANG_WARN__DUPLICATE_METHOD_MATCH = YES;
				COPY_PHASE_STRIP = NO;
				DEBUG_INFORMATION_FORMAT = dwarf;
				ENABLE_STRICT_OBJC_MSGSEND = YES;
				ENABLE_TESTABILITY = YES;
				GCC_C_LANGUAGE_STANDARD = gnu11;
				GCC_DYNAMIC_NO_PIC = NO;
				GCC_NO_COMMON_BLOCKS = YES;
				GCC_OPTIMIZATION_LEVEL = 0;
				GCC_PREPROCESSOR_DEFINITIONS = (
					"DEBUG=1",
					"$(inherited)",
				);
				GCC_WARN_64_TO_32_BIT_CONVERSION = YES;
				GCC_WARN_ABOUT_RETURN_TYPE = YES_ERROR;
				GCC_WARN_UNDECLARED_SELECTOR = YES;
				GCC_WARN_UNINITIALIZED_AUTOS = YES_AGGRESSIVE;
				GCC_WARN_UNUSED_FUNCTION = YES;
				GCC_WARN_UNUSED_VARIABLE = YES;
				IPHONEOS_DEPLOYMENT_TARGET = 16.4;
				MTL_ENABLE_DEBUG_INFO = INCLUDE_SOURCE;
				MTL_FAST_MATH = YES;
				ONLY_ACTIVE_ARCH = YES;
				SDKROOT = iphoneos;
				SWIFT_ACTIVE_COMPILATION_CONDITIONS = DEBUG;
				SWIFT_OPTIMIZATION_LEVEL = "-Onone";
			};
			name = Debug;
		};
		21BF251A2A80CCEB00480396 /* Release */ = {
			isa = XCBuildConfiguration;
			buildSettings = {
				ALWAYS_SEARCH_USER_PATHS = NO;
				CLANG_ANALYZER_NONNULL = YES;
				CLANG_ANALYZER_NUMBER_OBJECT_CONVERSION = YES_AGGRESSIVE;
				CLANG_CXX_LANGUAGE_STANDARD = "gnu++20";
				CLANG_ENABLE_MODULES = YES;
				CLANG_ENABLE_OBJC_ARC = YES;
				CLANG_ENABLE_OBJC_WEAK = YES;
				CLANG_WARN_BLOCK_CAPTURE_AUTORELEASING = YES;
				CLANG_WARN_BOOL_CONVERSION = YES;
				CLANG_WARN_COMMA = YES;
				CLANG_WARN_CONSTANT_CONVERSION = YES;
				CLANG_WARN_DEPRECATED_OBJC_IMPLEMENTATIONS = YES;
				CLANG_WARN_DIRECT_OBJC_ISA_USAGE = YES_ERROR;
				CLANG_WARN_DOCUMENTATION_COMMENTS = YES;
				CLANG_WARN_EMPTY_BODY = YES;
				CLANG_WARN_ENUM_CONVERSION = YES;
				CLANG_WARN_INFINITE_RECURSION = YES;
				CLANG_WARN_INT_CONVERSION = YES;
				CLANG_WARN_NON_LITERAL_NULL_CONVERSION = YES;
				CLANG_WARN_OBJC_IMPLICIT_RETAIN_SELF = YES;
				CLANG_WARN_OBJC_LITERAL_CONVERSION = YES;
				CLANG_WARN_OBJC_ROOT_CLASS = YES_ERROR;
				CLANG_WARN_QUOTED_INCLUDE_IN_FRAMEWORK_HEADER = YES;
				CLANG_WARN_RANGE_LOOP_ANALYSIS = YES;
				CLANG_WARN_STRICT_PROTOTYPES = YES;
				CLANG_WARN_SUSPICIOUS_MOVE = YES;
				CLANG_WARN_UNGUARDED_AVAILABILITY = YES_AGGRESSIVE;
				CLANG_WARN_UNREACHABLE_CODE = YES;
				CLANG_WARN__DUPLICATE_METHOD_MATCH = YES;
				COPY_PHASE_STRIP = NO;
				DEBUG_INFORMATION_FORMAT = "dwarf-with-dsym";
				ENABLE_NS_ASSERTIONS = NO;
				ENABLE_STRICT_OBJC_MSGSEND = YES;
				GCC_C_LANGUAGE_STANDARD = gnu11;
				GCC_NO_COMMON_BLOCKS = YES;
				GCC_WARN_64_TO_32_BIT_CONVERSION = YES;
				GCC_WARN_ABOUT_RETURN_TYPE = YES_ERROR;
				GCC_WARN_UNDECLARED_SELECTOR = YES;
				GCC_WARN_UNINITIALIZED_AUTOS = YES_AGGRESSIVE;
				GCC_WARN_UNUSED_FUNCTION = YES;
				GCC_WARN_UNUSED_VARIABLE = YES;
				IPHONEOS_DEPLOYMENT_TARGET = 16.4;
				MTL_ENABLE_DEBUG_INFO = NO;
				MTL_FAST_MATH = YES;
				SDKROOT = iphoneos;
				SWIFT_COMPILATION_MODE = wholemodule;
				SWIFT_OPTIMIZATION_LEVEL = "-O";
				VALIDATE_PRODUCT = YES;
			};
			name = Release;
		};
		21BF251C2A80CCEB00480396 /* Debug */ = {
			isa = XCBuildConfiguration;
			buildSettings = {
				ASSETCATALOG_COMPILER_APPICON_NAME = AppIcon;
				ASSETCATALOG_COMPILER_GLOBAL_ACCENT_COLOR_NAME = AccentColor;
				CODE_SIGN_STYLE = Automatic;
				CURRENT_PROJECT_VERSION = 1;
				GENERATE_INFOPLIST_FILE = YES;
				INFOPLIST_FILE = BeerAndLotteryAPI/Info.plist;
				INFOPLIST_KEY_UIApplicationSupportsIndirectInputEvents = YES;
				INFOPLIST_KEY_UILaunchStoryboardName = LaunchScreen;
				INFOPLIST_KEY_UIMainStoryboardFile = Main;
				INFOPLIST_KEY_UISupportedInterfaceOrientations = UIInterfaceOrientationPortrait;
				INFOPLIST_KEY_UISupportedInterfaceOrientations_iPad = "UIInterfaceOrientationLandscapeLeft UIInterfaceOrientationLandscapeRight UIInterfaceOrientationPortrait UIInterfaceOrientationPortraitUpsideDown";
				LD_RUNPATH_SEARCH_PATHS = (
					"$(inherited)",
					"@executable_path/Frameworks",
				);
				MARKETING_VERSION = 1.0;
				PRODUCT_BUNDLE_IDENTIFIER = com.phillyh.BeerAndLotteryAPI;
				PRODUCT_NAME = "$(TARGET_NAME)";
				SUPPORTED_PLATFORMS = "iphoneos iphonesimulator";
				SUPPORTS_MACCATALYST = NO;
				SUPPORTS_MAC_DESIGNED_FOR_IPHONE_IPAD = NO;
				SWIFT_EMIT_LOC_STRINGS = YES;
				SWIFT_VERSION = 5.0;
				TARGETED_DEVICE_FAMILY = 1;
			};
			name = Debug;
		};
		21BF251D2A80CCEB00480396 /* Release */ = {
			isa = XCBuildConfiguration;
			buildSettings = {
				ASSETCATALOG_COMPILER_APPICON_NAME = AppIcon;
				ASSETCATALOG_COMPILER_GLOBAL_ACCENT_COLOR_NAME = AccentColor;
				CODE_SIGN_STYLE = Automatic;
				CURRENT_PROJECT_VERSION = 1;
				GENERATE_INFOPLIST_FILE = YES;
				INFOPLIST_FILE = BeerAndLotteryAPI/Info.plist;
				INFOPLIST_KEY_UIApplicationSupportsIndirectInputEvents = YES;
				INFOPLIST_KEY_UILaunchStoryboardName = LaunchScreen;
				INFOPLIST_KEY_UIMainStoryboardFile = Main;
				INFOPLIST_KEY_UISupportedInterfaceOrientations = UIInterfaceOrientationPortrait;
				INFOPLIST_KEY_UISupportedInterfaceOrientations_iPad = "UIInterfaceOrientationLandscapeLeft UIInterfaceOrientationLandscapeRight UIInterfaceOrientationPortrait UIInterfaceOrientationPortraitUpsideDown";
				LD_RUNPATH_SEARCH_PATHS = (
					"$(inherited)",
					"@executable_path/Frameworks",
				);
				MARKETING_VERSION = 1.0;
				PRODUCT_BUNDLE_IDENTIFIER = com.phillyh.BeerAndLotteryAPI;
				PRODUCT_NAME = "$(TARGET_NAME)";
				SUPPORTED_PLATFORMS = "iphoneos iphonesimulator";
				SUPPORTS_MACCATALYST = NO;
				SUPPORTS_MAC_DESIGNED_FOR_IPHONE_IPAD = NO;
				SWIFT_EMIT_LOC_STRINGS = YES;
				SWIFT_VERSION = 5.0;
				TARGETED_DEVICE_FAMILY = 1;
			};
			name = Release;
		};
/* End XCBuildConfiguration section */

/* Begin XCConfigurationList section */
		21BF25022A80CCE900480396 /* Build configuration list for PBXProject "BeerAndLotteryAPI" */ = {
			isa = XCConfigurationList;
			buildConfigurations = (
				21BF25192A80CCEB00480396 /* Debug */,
				21BF251A2A80CCEB00480396 /* Release */,
			);
			defaultConfigurationIsVisible = 0;
			defaultConfigurationName = Release;
		};
		21BF251B2A80CCEB00480396 /* Build configuration list for PBXNativeTarget "BeerAndLotteryAPI" */ = {
			isa = XCConfigurationList;
			buildConfigurations = (
				21BF251C2A80CCEB00480396 /* Debug */,
				21BF251D2A80CCEB00480396 /* Release */,
			);
			defaultConfigurationIsVisible = 0;
			defaultConfigurationName = Release;
		};
/* End XCConfigurationList section */

/* Begin XCRemoteSwiftPackageReference section */
		21BF25202A80CD8E00480396 /* XCRemoteSwiftPackageReference "Alamofire" */ = {
			isa = XCRemoteSwiftPackageReference;
			repositoryURL = "https://github.com/Alamofire/Alamofire.git";
			requirement = {
				kind = upToNextMajorVersion;
				minimumVersion = 5.0.0;
			};
		};
		21BF25232A80CDA300480396 /* XCRemoteSwiftPackageReference "SwiftyJSON" */ = {
			isa = XCRemoteSwiftPackageReference;
			repositoryURL = "https://github.com/SwiftyJSON/SwiftyJSON.git";
			requirement = {
				kind = upToNextMajorVersion;
				minimumVersion = 5.0.0;
			};
		};
		21BF25262A80CDC700480396 /* XCRemoteSwiftPackageReference "Kingfisher" */ = {
			isa = XCRemoteSwiftPackageReference;
			repositoryURL = "https://github.com/onevcat/Kingfisher.git";
			requirement = {
				kind = upToNextMajorVersion;
				minimumVersion = 7.0.0;
			};
		};
/* End XCRemoteSwiftPackageReference section */

/* Begin XCSwiftPackageProductDependency section */
		21BF25212A80CD8E00480396 /* Alamofire */ = {
			isa = XCSwiftPackageProductDependency;
			package = 21BF25202A80CD8E00480396 /* XCRemoteSwiftPackageReference "Alamofire" */;
			productName = Alamofire;
		};
		21BF25242A80CDA300480396 /* SwiftyJSON */ = {
			isa = XCSwiftPackageProductDependency;
			package = 21BF25232A80CDA300480396 /* XCRemoteSwiftPackageReference "SwiftyJSON" */;
			productName = SwiftyJSON;
		};
		21BF25272A80CDC700480396 /* Kingfisher */ = {
			isa = XCSwiftPackageProductDependency;
			package = 21BF25262A80CDC700480396 /* XCRemoteSwiftPackageReference "Kingfisher" */;
			productName = Kingfisher;
		};
/* End XCSwiftPackageProductDependency section */
	};
	rootObject = 21BF24FF2A80CCE900480396 /* Project object */;
}
