// !$*UTF8*$!
{
	archiveVersion = 1;
	classes = {
	};
	objectVersion = 56;
	objects = {

/* Begin PBXBuildFile section */
		21E1C3252AA4BD58007102C3 /* AppDelegate.swift in Sources */ = {isa = PBXBuildFile; fileRef = 21E1C3242AA4BD58007102C3 /* AppDelegate.swift */; };
		21E1C3272AA4BD58007102C3 /* SceneDelegate.swift in Sources */ = {isa = PBXBuildFile; fileRef = 21E1C3262AA4BD58007102C3 /* SceneDelegate.swift */; };
		21E1C3292AA4BD58007102C3 /* ViewController.swift in Sources */ = {isa = PBXBuildFile; fileRef = 21E1C3282AA4BD58007102C3 /* ViewController.swift */; };
		21E1C32E2AA4BD5A007102C3 /* Assets.xcassets in Resources */ = {isa = PBXBuildFile; fileRef = 21E1C32D2AA4BD5A007102C3 /* Assets.xcassets */; };
		21E1C3312AA4BD5A007102C3 /* LaunchScreen.storyboard in Resources */ = {isa = PBXBuildFile; fileRef = 21E1C32F2AA4BD5A007102C3 /* LaunchScreen.storyboard */; };
		21E1C3392AA4BE01007102C3 /* .gitignore in Resources */ = {isa = PBXBuildFile; fileRef = 21E1C3382AA4BE01007102C3 /* .gitignore */; };
		21E1C33B2AA4BE10007102C3 /* APIKey.swift in Sources */ = {isa = PBXBuildFile; fileRef = 21E1C33A2AA4BE10007102C3 /* APIKey.swift */; };
		21E1C33D2AA4BE21007102C3 /* Protocol.swift in Sources */ = {isa = PBXBuildFile; fileRef = 21E1C33C2AA4BE21007102C3 /* Protocol.swift */; };
		21E1C33F2AA4BE46007102C3 /* Extension+ReusableViewProtocol.swift in Sources */ = {isa = PBXBuildFile; fileRef = 21E1C33E2AA4BE46007102C3 /* Extension+ReusableViewProtocol.swift */; };
		21E1C3412AA4BE5D007102C3 /* TrendStruct.swift in Sources */ = {isa = PBXBuildFile; fileRef = 21E1C3402AA4BE5D007102C3 /* TrendStruct.swift */; };
		21E1C3432AA4BE72007102C3 /* SingletonManager.swift in Sources */ = {isa = PBXBuildFile; fileRef = 21E1C3422AA4BE72007102C3 /* SingletonManager.swift */; };
		21E1C3462AA4BE8F007102C3 /* SnapKit in Frameworks */ = {isa = PBXBuildFile; productRef = 21E1C3452AA4BE8F007102C3 /* SnapKit */; };
		21E1C3492AA4BEAE007102C3 /* BaseTableViewCell.swift in Sources */ = {isa = PBXBuildFile; fileRef = 21E1C3482AA4BEAE007102C3 /* BaseTableViewCell.swift */; };
		21E1C34B2AA4BEB3007102C3 /* BaseView.swift in Sources */ = {isa = PBXBuildFile; fileRef = 21E1C34A2AA4BEB3007102C3 /* BaseView.swift */; };
		21E1C34E2AA4BEC6007102C3 /* MovieCell.swift in Sources */ = {isa = PBXBuildFile; fileRef = 21E1C34D2AA4BEC6007102C3 /* MovieCell.swift */; };
		21E1C3502AA4BECB007102C3 /* TVCell.swift in Sources */ = {isa = PBXBuildFile; fileRef = 21E1C34F2AA4BECB007102C3 /* TVCell.swift */; };
		21E1C3532AA4BEEB007102C3 /* TableView.swift in Sources */ = {isa = PBXBuildFile; fileRef = 21E1C3522AA4BEEB007102C3 /* TableView.swift */; };
/* End PBXBuildFile section */

/* Begin PBXFileReference section */
		21E1C3212AA4BD58007102C3 /* TMDBTrendingAllMultipleCellInTableViewCell.app */ = {isa = PBXFileReference; explicitFileType = wrapper.application; includeInIndex = 0; path = TMDBTrendingAllMultipleCellInTableViewCell.app; sourceTree = BUILT_PRODUCTS_DIR; };
		21E1C3242AA4BD58007102C3 /* AppDelegate.swift */ = {isa = PBXFileReference; lastKnownFileType = sourcecode.swift; path = AppDelegate.swift; sourceTree = "<group>"; };
		21E1C3262AA4BD58007102C3 /* SceneDelegate.swift */ = {isa = PBXFileReference; lastKnownFileType = sourcecode.swift; path = SceneDelegate.swift; sourceTree = "<group>"; };
		21E1C3282AA4BD58007102C3 /* ViewController.swift */ = {isa = PBXFileReference; lastKnownFileType = sourcecode.swift; path = ViewController.swift; sourceTree = "<group>"; };
		21E1C32D2AA4BD5A007102C3 /* Assets.xcassets */ = {isa = PBXFileReference; lastKnownFileType = folder.assetcatalog; path = Assets.xcassets; sourceTree = "<group>"; };
		21E1C3302AA4BD5A007102C3 /* Base */ = {isa = PBXFileReference; lastKnownFileType = file.storyboard; name = Base; path = Base.lproj/LaunchScreen.storyboard; sourceTree = "<group>"; };
		21E1C3322AA4BD5A007102C3 /* Info.plist */ = {isa = PBXFileReference; lastKnownFileType = text.plist.xml; path = Info.plist; sourceTree = "<group>"; };
		21E1C3382AA4BE01007102C3 /* .gitignore */ = {isa = PBXFileReference; lastKnownFileType = text; path = .gitignore; sourceTree = "<group>"; };
		21E1C33A2AA4BE10007102C3 /* APIKey.swift */ = {isa = PBXFileReference; lastKnownFileType = sourcecode.swift; path = APIKey.swift; sourceTree = "<group>"; };
		21E1C33C2AA4BE21007102C3 /* Protocol.swift */ = {isa = PBXFileReference; lastKnownFileType = sourcecode.swift; path = Protocol.swift; sourceTree = "<group>"; };
		21E1C33E2AA4BE46007102C3 /* Extension+ReusableViewProtocol.swift */ = {isa = PBXFileReference; lastKnownFileType = sourcecode.swift; path = "Extension+ReusableViewProtocol.swift"; sourceTree = "<group>"; };
		21E1C3402AA4BE5D007102C3 /* TrendStruct.swift */ = {isa = PBXFileReference; lastKnownFileType = sourcecode.swift; path = TrendStruct.swift; sourceTree = "<group>"; };
		21E1C3422AA4BE72007102C3 /* SingletonManager.swift */ = {isa = PBXFileReference; lastKnownFileType = sourcecode.swift; path = SingletonManager.swift; sourceTree = "<group>"; };
		21E1C3482AA4BEAE007102C3 /* BaseTableViewCell.swift */ = {isa = PBXFileReference; lastKnownFileType = sourcecode.swift; path = BaseTableViewCell.swift; sourceTree = "<group>"; };
		21E1C34A2AA4BEB3007102C3 /* BaseView.swift */ = {isa = PBXFileReference; lastKnownFileType = sourcecode.swift; path = BaseView.swift; sourceTree = "<group>"; };
		21E1C34D2AA4BEC6007102C3 /* MovieCell.swift */ = {isa = PBXFileReference; lastKnownFileType = sourcecode.swift; path = MovieCell.swift; sourceTree = "<group>"; };
		21E1C34F2AA4BECB007102C3 /* TVCell.swift */ = {isa = PBXFileReference; lastKnownFileType = sourcecode.swift; path = TVCell.swift; sourceTree = "<group>"; };
		21E1C3522AA4BEEB007102C3 /* TableView.swift */ = {isa = PBXFileReference; lastKnownFileType = sourcecode.swift; path = TableView.swift; sourceTree = "<group>"; };
/* End PBXFileReference section */

/* Begin PBXFrameworksBuildPhase section */
		21E1C31E2AA4BD58007102C3 /* Frameworks */ = {
			isa = PBXFrameworksBuildPhase;
			buildActionMask = 2147483647;
			files = (
				21E1C3462AA4BE8F007102C3 /* SnapKit in Frameworks */,
			);
			runOnlyForDeploymentPostprocessing = 0;
		};
/* End PBXFrameworksBuildPhase section */

/* Begin PBXGroup section */
		21E1C3182AA4BD58007102C3 = {
			isa = PBXGroup;
			children = (
				21E1C3232AA4BD58007102C3 /* TMDBTrendingAllMultipleCellInTableViewCell */,
				21E1C3222AA4BD58007102C3 /* Products */,
			);
			sourceTree = "<group>";
		};
		21E1C3222AA4BD58007102C3 /* Products */ = {
			isa = PBXGroup;
			children = (
				21E1C3212AA4BD58007102C3 /* TMDBTrendingAllMultipleCellInTableViewCell.app */,
			);
			name = Products;
			sourceTree = "<group>";
		};
		21E1C3232AA4BD58007102C3 /* TMDBTrendingAllMultipleCellInTableViewCell */ = {
			isa = PBXGroup;
			children = (
				21E1C3242AA4BD58007102C3 /* AppDelegate.swift */,
				21E1C3262AA4BD58007102C3 /* SceneDelegate.swift */,
				21E1C33A2AA4BE10007102C3 /* APIKey.swift */,
				21E1C33C2AA4BE21007102C3 /* Protocol.swift */,
				21E1C33E2AA4BE46007102C3 /* Extension+ReusableViewProtocol.swift */,
				21E1C3472AA4BE97007102C3 /* Model */,
				21E1C34C2AA4BEB8007102C3 /* Base */,
				21E1C3512AA4BED6007102C3 /* View */,
				21E1C3282AA4BD58007102C3 /* ViewController.swift */,
				21E1C32D2AA4BD5A007102C3 /* Assets.xcassets */,
				21E1C32F2AA4BD5A007102C3 /* LaunchScreen.storyboard */,
				21E1C3322AA4BD5A007102C3 /* Info.plist */,
				21E1C3382AA4BE01007102C3 /* .gitignore */,
			);
			path = TMDBTrendingAllMultipleCellInTableViewCell;
			sourceTree = "<group>";
		};
		21E1C3472AA4BE97007102C3 /* Model */ = {
			isa = PBXGroup;
			children = (
				21E1C3402AA4BE5D007102C3 /* TrendStruct.swift */,
				21E1C3422AA4BE72007102C3 /* SingletonManager.swift */,
			);
			path = Model;
			sourceTree = "<group>";
		};
		21E1C34C2AA4BEB8007102C3 /* Base */ = {
			isa = PBXGroup;
			children = (
				21E1C3482AA4BEAE007102C3 /* BaseTableViewCell.swift */,
				21E1C34A2AA4BEB3007102C3 /* BaseView.swift */,
			);
			path = Base;
			sourceTree = "<group>";
		};
		21E1C3512AA4BED6007102C3 /* View */ = {
			isa = PBXGroup;
			children = (
				21E1C34D2AA4BEC6007102C3 /* MovieCell.swift */,
				21E1C34F2AA4BECB007102C3 /* TVCell.swift */,
				21E1C3522AA4BEEB007102C3 /* TableView.swift */,
			);
			path = View;
			sourceTree = "<group>";
		};
/* End PBXGroup section */

/* Begin PBXNativeTarget section */
		21E1C3202AA4BD58007102C3 /* TMDBTrendingAllMultipleCellInTableViewCell */ = {
			isa = PBXNativeTarget;
			buildConfigurationList = 21E1C3352AA4BD5A007102C3 /* Build configuration list for PBXNativeTarget "TMDBTrendingAllMultipleCellInTableViewCell" */;
			buildPhases = (
				21E1C31D2AA4BD58007102C3 /* Sources */,
				21E1C31E2AA4BD58007102C3 /* Frameworks */,
				21E1C31F2AA4BD58007102C3 /* Resources */,
			);
			buildRules = (
			);
			dependencies = (
			);
			name = TMDBTrendingAllMultipleCellInTableViewCell;
			packageProductDependencies = (
				21E1C3452AA4BE8F007102C3 /* SnapKit */,
			);
			productName = TMDBTrendingAllMultipleCellInTableViewCell;
			productReference = 21E1C3212AA4BD58007102C3 /* TMDBTrendingAllMultipleCellInTableViewCell.app */;
			productType = "com.apple.product-type.application";
		};
/* End PBXNativeTarget section */

/* Begin PBXProject section */
		21E1C3192AA4BD58007102C3 /* Project object */ = {
			isa = PBXProject;
			attributes = {
				BuildIndependentTargetsInParallel = 1;
				LastSwiftUpdateCheck = 1430;
				LastUpgradeCheck = 1430;
				TargetAttributes = {
					21E1C3202AA4BD58007102C3 = {
						CreatedOnToolsVersion = 14.3.1;
					};
				};
			};
			buildConfigurationList = 21E1C31C2AA4BD58007102C3 /* Build configuration list for PBXProject "TMDBTrendingAllMultipleCellInTableViewCell" */;
			compatibilityVersion = "Xcode 14.0";
			developmentRegion = en;
			hasScannedForEncodings = 0;
			knownRegions = (
				en,
				Base,
			);
			mainGroup = 21E1C3182AA4BD58007102C3;
			packageReferences = (
				21E1C3442AA4BE8F007102C3 /* XCRemoteSwiftPackageReference "SnapKit" */,
			);
			productRefGroup = 21E1C3222AA4BD58007102C3 /* Products */;
			projectDirPath = "";
			projectRoot = "";
			targets = (
				21E1C3202AA4BD58007102C3 /* TMDBTrendingAllMultipleCellInTableViewCell */,
			);
		};
/* End PBXProject section */

/* Begin PBXResourcesBuildPhase section */
		21E1C31F2AA4BD58007102C3 /* Resources */ = {
			isa = PBXResourcesBuildPhase;
			buildActionMask = 2147483647;
			files = (
				21E1C3312AA4BD5A007102C3 /* LaunchScreen.storyboard in Resources */,
				21E1C3392AA4BE01007102C3 /* .gitignore in Resources */,
				21E1C32E2AA4BD5A007102C3 /* Assets.xcassets in Resources */,
			);
			runOnlyForDeploymentPostprocessing = 0;
		};
/* End PBXResourcesBuildPhase section */

/* Begin PBXSourcesBuildPhase section */
		21E1C31D2AA4BD58007102C3 /* Sources */ = {
			isa = PBXSourcesBuildPhase;
			buildActionMask = 2147483647;
			files = (
				21E1C3292AA4BD58007102C3 /* ViewController.swift in Sources */,
				21E1C3412AA4BE5D007102C3 /* TrendStruct.swift in Sources */,
				21E1C3252AA4BD58007102C3 /* AppDelegate.swift in Sources */,
				21E1C34E2AA4BEC6007102C3 /* MovieCell.swift in Sources */,
				21E1C33B2AA4BE10007102C3 /* APIKey.swift in Sources */,
				21E1C3492AA4BEAE007102C3 /* BaseTableViewCell.swift in Sources */,
				21E1C3272AA4BD58007102C3 /* SceneDelegate.swift in Sources */,
				21E1C33D2AA4BE21007102C3 /* Protocol.swift in Sources */,
				21E1C3532AA4BEEB007102C3 /* TableView.swift in Sources */,
				21E1C34B2AA4BEB3007102C3 /* BaseView.swift in Sources */,
				21E1C3502AA4BECB007102C3 /* TVCell.swift in Sources */,
				21E1C33F2AA4BE46007102C3 /* Extension+ReusableViewProtocol.swift in Sources */,
				21E1C3432AA4BE72007102C3 /* SingletonManager.swift in Sources */,
			);
			runOnlyForDeploymentPostprocessing = 0;
		};
/* End PBXSourcesBuildPhase section */

/* Begin PBXVariantGroup section */
		21E1C32F2AA4BD5A007102C3 /* LaunchScreen.storyboard */ = {
			isa = PBXVariantGroup;
			children = (
				21E1C3302AA4BD5A007102C3 /* Base */,
			);
			name = LaunchScreen.storyboard;
			sourceTree = "<group>";
		};
/* End PBXVariantGroup section */

/* Begin XCBuildConfiguration section */
		21E1C3332AA4BD5A007102C3 /* Debug */ = {
			isa = XCBuildConfiguration;
			buildSettings = {
				ALWAYS_SEARCH_USER_PATHS = NO;
				CLANG_ANALYZER_NONNULL = YES;
				CLANG_ANALYZER_NUMBER_OBJECT_CONVERSION = YES_AGGRESSIVE;
				CLANG_CXX_LANGUAGE_STANDARD = "gnu++20";
				CLANG_ENABLE_MODULES = YES;
				CLANG_ENABLE_OBJC_ARC = YES;
				CLANG_ENABLE_OBJC_WEAK = YES;
				CLANG_WARN_BLOCK_CAPTURE_AUTORELEASING = YES;
				CLANG_WARN_BOOL_CONVERSION = YES;
				CLANG_WARN_COMMA = YES;
				CLANG_WARN_CONSTANT_CONVERSION = YES;
				CLANG_WARN_DEPRECATED_OBJC_IMPLEMENTATIONS = YES;
				CLANG_WARN_DIRECT_OBJC_ISA_USAGE = YES_ERROR;
				CLANG_WARN_DOCUMENTATION_COMMENTS = YES;
				CLANG_WARN_EMPTY_BODY = YES;
				CLANG_WARN_ENUM_CONVERSION = YES;
				CLANG_WARN_INFINITE_RECURSION = YES;
				CLANG_WARN_INT_CONVERSION = YES;
				CLANG_WARN_NON_LITERAL_NULL_CONVERSION = YES;
				CLANG_WARN_OBJC_IMPLICIT_RETAIN_SELF = YES;
				CLANG_WARN_OBJC_LITERAL_CONVERSION = YES;
				CLANG_WARN_OBJC_ROOT_CLASS = YES_ERROR;
				CLANG_WARN_QUOTED_INCLUDE_IN_FRAMEWORK_HEADER = YES;
				CLANG_WARN_RANGE_LOOP_ANALYSIS = YES;
				CLANG_WARN_STRICT_PROTOTYPES = YES;
				CLANG_WARN_SUSPICIOUS_MOVE = YES;
				CLANG_WARN_UNGUARDED_AVAILABILITY = YES_AGGRESSIVE;
				CLANG_WARN_UNREACHABLE_CODE = YES;
				CLANG_WARN__DUPLICATE_METHOD_MATCH = YES;
				COPY_PHASE_STRIP = NO;
				DEBUG_INFORMATION_FORMAT = dwarf;
				ENABLE_STRICT_OBJC_MSGSEND = YES;
				ENABLE_TESTABILITY = YES;
				GCC_C_LANGUAGE_STANDARD = gnu11;
				GCC_DYNAMIC_NO_PIC = NO;
				GCC_NO_COMMON_BLOCKS = YES;
				GCC_OPTIMIZATION_LEVEL = 0;
				GCC_PREPROCESSOR_DEFINITIONS = (
					"DEBUG=1",
					"$(inherited)",
				);
				GCC_WARN_64_TO_32_BIT_CONVERSION = YES;
				GCC_WARN_ABOUT_RETURN_TYPE = YES_ERROR;
				GCC_WARN_UNDECLARED_SELECTOR = YES;
				GCC_WARN_UNINITIALIZED_AUTOS = YES_AGGRESSIVE;
				GCC_WARN_UNUSED_FUNCTION = YES;
				GCC_WARN_UNUSED_VARIABLE = YES;
				IPHONEOS_DEPLOYMENT_TARGET = 16.4;
				MTL_ENABLE_DEBUG_INFO = INCLUDE_SOURCE;
				MTL_FAST_MATH = YES;
				ONLY_ACTIVE_ARCH = YES;
				SDKROOT = iphoneos;
				SWIFT_ACTIVE_COMPILATION_CONDITIONS = DEBUG;
				SWIFT_OPTIMIZATION_LEVEL = "-Onone";
			};
			name = Debug;
		};
		21E1C3342AA4BD5A007102C3 /* Release */ = {
			isa = XCBuildConfiguration;
			buildSettings = {
				ALWAYS_SEARCH_USER_PATHS = NO;
				CLANG_ANALYZER_NONNULL = YES;
				CLANG_ANALYZER_NUMBER_OBJECT_CONVERSION = YES_AGGRESSIVE;
				CLANG_CXX_LANGUAGE_STANDARD = "gnu++20";
				CLANG_ENABLE_MODULES = YES;
				CLANG_ENABLE_OBJC_ARC = YES;
				CLANG_ENABLE_OBJC_WEAK = YES;
				CLANG_WARN_BLOCK_CAPTURE_AUTORELEASING = YES;
				CLANG_WARN_BOOL_CONVERSION = YES;
				CLANG_WARN_COMMA = YES;
				CLANG_WARN_CONSTANT_CONVERSION = YES;
				CLANG_WARN_DEPRECATED_OBJC_IMPLEMENTATIONS = YES;
				CLANG_WARN_DIRECT_OBJC_ISA_USAGE = YES_ERROR;
				CLANG_WARN_DOCUMENTATION_COMMENTS = YES;
				CLANG_WARN_EMPTY_BODY = YES;
				CLANG_WARN_ENUM_CONVERSION = YES;
				CLANG_WARN_INFINITE_RECURSION = YES;
				CLANG_WARN_INT_CONVERSION = YES;
				CLANG_WARN_NON_LITERAL_NULL_CONVERSION = YES;
				CLANG_WARN_OBJC_IMPLICIT_RETAIN_SELF = YES;
				CLANG_WARN_OBJC_LITERAL_CONVERSION = YES;
				CLANG_WARN_OBJC_ROOT_CLASS = YES_ERROR;
				CLANG_WARN_QUOTED_INCLUDE_IN_FRAMEWORK_HEADER = YES;
				CLANG_WARN_RANGE_LOOP_ANALYSIS = YES;
				CLANG_WARN_STRICT_PROTOTYPES = YES;
				CLANG_WARN_SUSPICIOUS_MOVE = YES;
				CLANG_WARN_UNGUARDED_AVAILABILITY = YES_AGGRESSIVE;
				CLANG_WARN_UNREACHABLE_CODE = YES;
				CLANG_WARN__DUPLICATE_METHOD_MATCH = YES;
				COPY_PHASE_STRIP = NO;
				DEBUG_INFORMATION_FORMAT = "dwarf-with-dsym";
				ENABLE_NS_ASSERTIONS = NO;
				ENABLE_STRICT_OBJC_MSGSEND = YES;
				GCC_C_LANGUAGE_STANDARD = gnu11;
				GCC_NO_COMMON_BLOCKS = YES;
				GCC_WARN_64_TO_32_BIT_CONVERSION = YES;
				GCC_WARN_ABOUT_RETURN_TYPE = YES_ERROR;
				GCC_WARN_UNDECLARED_SELECTOR = YES;
				GCC_WARN_UNINITIALIZED_AUTOS = YES_AGGRESSIVE;
				GCC_WARN_UNUSED_FUNCTION = YES;
				GCC_WARN_UNUSED_VARIABLE = YES;
				IPHONEOS_DEPLOYMENT_TARGET = 16.4;
				MTL_ENABLE_DEBUG_INFO = NO;
				MTL_FAST_MATH = YES;
				SDKROOT = iphoneos;
				SWIFT_COMPILATION_MODE = wholemodule;
				SWIFT_OPTIMIZATION_LEVEL = "-O";
				VALIDATE_PRODUCT = YES;
			};
			name = Release;
		};
		21E1C3362AA4BD5A007102C3 /* Debug */ = {
			isa = XCBuildConfiguration;
			buildSettings = {
				ASSETCATALOG_COMPILER_APPICON_NAME = AppIcon;
				ASSETCATALOG_COMPILER_GLOBAL_ACCENT_COLOR_NAME = AccentColor;
				CODE_SIGN_STYLE = Automatic;
				CURRENT_PROJECT_VERSION = 1;
				GENERATE_INFOPLIST_FILE = YES;
				INFOPLIST_FILE = TMDBTrendingAllMultipleCellInTableViewCell/Info.plist;
				INFOPLIST_KEY_UIApplicationSupportsIndirectInputEvents = YES;
				INFOPLIST_KEY_UILaunchStoryboardName = LaunchScreen;
				INFOPLIST_KEY_UISupportedInterfaceOrientations = UIInterfaceOrientationPortrait;
				INFOPLIST_KEY_UISupportedInterfaceOrientations_iPad = "UIInterfaceOrientationLandscapeLeft UIInterfaceOrientationLandscapeRight UIInterfaceOrientationPortrait UIInterfaceOrientationPortraitUpsideDown";
				LD_RUNPATH_SEARCH_PATHS = (
					"$(inherited)",
					"@executable_path/Frameworks",
				);
				MARKETING_VERSION = 1.0;
				PRODUCT_BUNDLE_IDENTIFIER = com.phillyh.TMDBTrendingAllMultipleCellInTableViewCell;
				PRODUCT_NAME = "$(TARGET_NAME)";
				SUPPORTED_PLATFORMS = "iphoneos iphonesimulator";
				SUPPORTS_MACCATALYST = NO;
				SUPPORTS_MAC_DESIGNED_FOR_IPHONE_IPAD = NO;
				SWIFT_EMIT_LOC_STRINGS = YES;
				SWIFT_VERSION = 5.0;
				TARGETED_DEVICE_FAMILY = 1;
			};
			name = Debug;
		};
		21E1C3372AA4BD5A007102C3 /* Release */ = {
			isa = XCBuildConfiguration;
			buildSettings = {
				ASSETCATALOG_COMPILER_APPICON_NAME = AppIcon;
				ASSETCATALOG_COMPILER_GLOBAL_ACCENT_COLOR_NAME = AccentColor;
				CODE_SIGN_STYLE = Automatic;
				CURRENT_PROJECT_VERSION = 1;
				GENERATE_INFOPLIST_FILE = YES;
				INFOPLIST_FILE = TMDBTrendingAllMultipleCellInTableViewCell/Info.plist;
				INFOPLIST_KEY_UIApplicationSupportsIndirectInputEvents = YES;
				INFOPLIST_KEY_UILaunchStoryboardName = LaunchScreen;
				INFOPLIST_KEY_UISupportedInterfaceOrientations = UIInterfaceOrientationPortrait;
				INFOPLIST_KEY_UISupportedInterfaceOrientations_iPad = "UIInterfaceOrientationLandscapeLeft UIInterfaceOrientationLandscapeRight UIInterfaceOrientationPortrait UIInterfaceOrientationPortraitUpsideDown";
				LD_RUNPATH_SEARCH_PATHS = (
					"$(inherited)",
					"@executable_path/Frameworks",
				);
				MARKETING_VERSION = 1.0;
				PRODUCT_BUNDLE_IDENTIFIER = com.phillyh.TMDBTrendingAllMultipleCellInTableViewCell;
				PRODUCT_NAME = "$(TARGET_NAME)";
				SUPPORTED_PLATFORMS = "iphoneos iphonesimulator";
				SUPPORTS_MACCATALYST = NO;
				SUPPORTS_MAC_DESIGNED_FOR_IPHONE_IPAD = NO;
				SWIFT_EMIT_LOC_STRINGS = YES;
				SWIFT_VERSION = 5.0;
				TARGETED_DEVICE_FAMILY = 1;
			};
			name = Release;
		};
/* End XCBuildConfiguration section */

/* Begin XCConfigurationList section */
		21E1C31C2AA4BD58007102C3 /* Build configuration list for PBXProject "TMDBTrendingAllMultipleCellInTableViewCell" */ = {
			isa = XCConfigurationList;
			buildConfigurations = (
				21E1C3332AA4BD5A007102C3 /* Debug */,
				21E1C3342AA4BD5A007102C3 /* Release */,
			);
			defaultConfigurationIsVisible = 0;
			defaultConfigurationName = Release;
		};
		21E1C3352AA4BD5A007102C3 /* Build configuration list for PBXNativeTarget "TMDBTrendingAllMultipleCellInTableViewCell" */ = {
			isa = XCConfigurationList;
			buildConfigurations = (
				21E1C3362AA4BD5A007102C3 /* Debug */,
				21E1C3372AA4BD5A007102C3 /* Release */,
			);
			defaultConfigurationIsVisible = 0;
			defaultConfigurationName = Release;
		};
/* End XCConfigurationList section */

/* Begin XCRemoteSwiftPackageReference section */
		21E1C3442AA4BE8F007102C3 /* XCRemoteSwiftPackageReference "SnapKit" */ = {
			isa = XCRemoteSwiftPackageReference;
			repositoryURL = "https://github.com/SnapKit/SnapKit.git";
			requirement = {
				kind = upToNextMajorVersion;
				minimumVersion = 5.0.0;
			};
		};
/* End XCRemoteSwiftPackageReference section */

/* Begin XCSwiftPackageProductDependency section */
		21E1C3452AA4BE8F007102C3 /* SnapKit */ = {
			isa = XCSwiftPackageProductDependency;
			package = 21E1C3442AA4BE8F007102C3 /* XCRemoteSwiftPackageReference "SnapKit" */;
			productName = SnapKit;
		};
/* End XCSwiftPackageProductDependency section */
	};
	rootObject = 21E1C3192AA4BD58007102C3 /* Project object */;
}
